// !$*UTF8*$!
{
	archiveVersion = 1;
	classes = {
	};
	objectVersion = 56;
	objects = {

/* Begin PBXBuildFile section */
		5615F7812BAFAB7400177A44 /* BlurredOverlayModifier.swift in Sources */ = {isa = PBXBuildFile; fileRef = 5615F7802BAFAB7400177A44 /* BlurredOverlayModifier.swift */; };
		5615F7842BAFB15C00177A44 /* NucleusView.swift in Sources */ = {isa = PBXBuildFile; fileRef = 5615F7832BAFB15C00177A44 /* NucleusView.swift */; };
		5615F7882BAFC53A00177A44 /* AnimationManager.swift in Sources */ = {isa = PBXBuildFile; fileRef = 5615F7872BAFC53A00177A44 /* AnimationManager.swift */; };
		5615F78A2BAFE0F500177A44 /* StarryNightView.swift in Sources */ = {isa = PBXBuildFile; fileRef = 5615F7892BAFE0F500177A44 /* StarryNightView.swift */; };
		5615F78C2BB11BF800177A44 /* OnAppearAnimate.swift in Sources */ = {isa = PBXBuildFile; fileRef = 5615F78B2BB11BF800177A44 /* OnAppearAnimate.swift */; };
		5615F78E2BB12E9800177A44 /* RankUpdateView.swift in Sources */ = {isa = PBXBuildFile; fileRef = 5615F78D2BB12E9800177A44 /* RankUpdateView.swift */; };
		5615F7952BB2FA5800177A44 /* PublicDatabase.swift in Sources */ = {isa = PBXBuildFile; fileRef = 5615F7942BB2FA5800177A44 /* PublicDatabase.swift */; };
		5615F79B2BB3086400177A44 /* CloudKitManager.swift in Sources */ = {isa = PBXBuildFile; fileRef = 5615F79A2BB3086400177A44 /* CloudKitManager.swift */; };
		5615F79E2BB4F3C700177A44 /* PublicProfile.swift in Sources */ = {isa = PBXBuildFile; fileRef = 5615F79D2BB4F3C700177A44 /* PublicProfile.swift */; };
		5615F7A02BB4FB4100177A44 /* ModelContainerPreview.swift in Sources */ = {isa = PBXBuildFile; fileRef = 5615F79F2BB4FB4100177A44 /* ModelContainerPreview.swift */; };
		5615F7A22BB4FB9700177A44 /* PreviewSampleData.swift in Sources */ = {isa = PBXBuildFile; fileRef = 5615F7A12BB4FB9700177A44 /* PreviewSampleData.swift */; };
		5624EE5F2BB7085300F6980A /* AchievementModel.swift in Sources */ = {isa = PBXBuildFile; fileRef = 5624EE5E2BB7085300F6980A /* AchievementModel.swift */; };
		5624EE612BB8364600F6980A /* EventSystem.swift in Sources */ = {isa = PBXBuildFile; fileRef = 5624EE602BB8364600F6980A /* EventSystem.swift */; };
		5624EE642BB8553200F6980A /* AchievementsView.swift in Sources */ = {isa = PBXBuildFile; fileRef = 5624EE632BB8553200F6980A /* AchievementsView.swift */; };
		5624EE662BB864C000F6980A /* ContentRepository.swift in Sources */ = {isa = PBXBuildFile; fileRef = 5624EE652BB864C000F6980A /* ContentRepository.swift */; };
		5624EE732BB8C21E00F6980A /* AchievementStore.swift in Sources */ = {isa = PBXBuildFile; fileRef = 5624EE722BB8C21E00F6980A /* AchievementStore.swift */; };
		5624EE752BB8C2C900F6980A /* AchievementManager.swift in Sources */ = {isa = PBXBuildFile; fileRef = 5624EE742BB8C2C900F6980A /* AchievementManager.swift */; };
		5624EE772BB9DF6600F6980A /* SwiftDataSource.swift in Sources */ = {isa = PBXBuildFile; fileRef = 5624EE762BB9DF6600F6980A /* SwiftDataSource.swift */; };
		5624EE7C2BBB718A00F6980A /* SwiftDataService.swift in Sources */ = {isa = PBXBuildFile; fileRef = 5624EE7B2BBB718A00F6980A /* SwiftDataService.swift */; };
		5624EE812BBC603E00F6980A /* AchievementNotificationView.swift in Sources */ = {isa = PBXBuildFile; fileRef = 5624EE802BBC603E00F6980A /* AchievementNotificationView.swift */; };
		564549552B92195C002A289C /* GameCardView.swift in Sources */ = {isa = PBXBuildFile; fileRef = 564549542B92195C002A289C /* GameCardView.swift */; };
		5645495E2B923955002A289C /* GameTournamentView.swift in Sources */ = {isa = PBXBuildFile; fileRef = 5645495D2B923955002A289C /* GameTournamentView.swift */; };
		56466F6F2BAB31B20008C985 /* SearchingView.swift in Sources */ = {isa = PBXBuildFile; fileRef = 56466F6E2BAB31B20008C985 /* SearchingView.swift */; };
		56466F732BAB328B0008C985 /* CountdownOverlayView.swift in Sources */ = {isa = PBXBuildFile; fileRef = 56466F722BAB328B0008C985 /* CountdownOverlayView.swift */; };
		56466F752BAB33020008C985 /* AnimatedLinesView.swift in Sources */ = {isa = PBXBuildFile; fileRef = 56466F742BAB33020008C985 /* AnimatedLinesView.swift */; };
		56466F772BAB33270008C985 /* PulsatingCircleView.swift in Sources */ = {isa = PBXBuildFile; fileRef = 56466F762BAB33270008C985 /* PulsatingCircleView.swift */; };
		56466F792BAB33890008C985 /* GameResultsView.swift in Sources */ = {isa = PBXBuildFile; fileRef = 56466F782BAB33890008C985 /* GameResultsView.swift */; };
		56466F822BAC89480008C985 /* WebSocketManager.swift in Sources */ = {isa = PBXBuildFile; fileRef = 56466F812BAC89480008C985 /* WebSocketManager.swift */; };
		56466F842BAC8A260008C985 /* WebSocketService.swift in Sources */ = {isa = PBXBuildFile; fileRef = 56466F832BAC8A260008C985 /* WebSocketService.swift */; };
		56466F892BAEFAC10008C985 /* OutcomeView.swift in Sources */ = {isa = PBXBuildFile; fileRef = 56466F882BAEFAC10008C985 /* OutcomeView.swift */; };
		56466F8B2BAEFB710008C985 /* PlayerScoresView.swift in Sources */ = {isa = PBXBuildFile; fileRef = 56466F8A2BAEFB710008C985 /* PlayerScoresView.swift */; };
		56466F8D2BAEFBD10008C985 /* WordHistoryTimelineView.swift in Sources */ = {isa = PBXBuildFile; fileRef = 56466F8C2BAEFBD10008C985 /* WordHistoryTimelineView.swift */; };
		56466F8F2BAEFBF20008C985 /* CompleteWordListView.swift in Sources */ = {isa = PBXBuildFile; fileRef = 56466F8E2BAEFBF20008C985 /* CompleteWordListView.swift */; };
		5652D50A2B6814EA0071AE08 /* Word_RivalryApp.swift in Sources */ = {isa = PBXBuildFile; fileRef = 5652D5092B6814EA0071AE08 /* Word_RivalryApp.swift */; };
		5652D50C2B6814EA0071AE08 /* ScreenView.swift in Sources */ = {isa = PBXBuildFile; fileRef = 5652D50B2B6814EA0071AE08 /* ScreenView.swift */; };
		5652D5102B6814EC0071AE08 /* Assets.xcassets in Resources */ = {isa = PBXBuildFile; fileRef = 5652D50F2B6814EC0071AE08 /* Assets.xcassets */; };
		5652D5142B6814EC0071AE08 /* Preview Assets.xcassets in Resources */ = {isa = PBXBuildFile; fileRef = 5652D5132B6814EC0071AE08 /* Preview Assets.xcassets */; };
		5652D51F2B6814EC0071AE08 /* Word_RivalryTests.swift in Sources */ = {isa = PBXBuildFile; fileRef = 5652D51E2B6814EC0071AE08 /* Word_RivalryTests.swift */; };
		5652D5292B6814EC0071AE08 /* Word_RivalryUITests.swift in Sources */ = {isa = PBXBuildFile; fileRef = 5652D5282B6814EC0071AE08 /* Word_RivalryUITests.swift */; };
		5652D52B2B6814EC0071AE08 /* Word_RivalryUITestsLaunchTests.swift in Sources */ = {isa = PBXBuildFile; fileRef = 5652D52A2B6814EC0071AE08 /* Word_RivalryUITestsLaunchTests.swift */; };
		5652D5412B68E7800071AE08 /* NetworkUtility.swift in Sources */ = {isa = PBXBuildFile; fileRef = 5652D5402B68E7800071AE08 /* NetworkUtility.swift */; };
		5654A01C2BC17E88001CF6BE /* LaunchService.swift in Sources */ = {isa = PBXBuildFile; fileRef = 5654A01B2BC17E88001CF6BE /* LaunchService.swift */; };
		5654A01E2BC19C34001CF6BE /* ServiceProtocol.swift in Sources */ = {isa = PBXBuildFile; fileRef = 5654A01D2BC19C34001CF6BE /* ServiceProtocol.swift */; };
		5654A0202BC1B1E8001CF6BE /* Friend.swift in Sources */ = {isa = PBXBuildFile; fileRef = 5654A01F2BC1B1E8001CF6BE /* Friend.swift */; };
		5654A0222BC1C525001CF6BE /* PlayerNameEditingView.swift in Sources */ = {isa = PBXBuildFile; fileRef = 5654A0212BC1C525001CF6BE /* PlayerNameEditingView.swift */; };
		565E14F92B8720B400AD7292 /* BasicButton.swift in Sources */ = {isa = PBXBuildFile; fileRef = 565E14F82B8720B400AD7292 /* BasicButton.swift */; };
		565E14FC2B8726B500AD7292 /* AnimatedCirclesViewModel.swift in Sources */ = {isa = PBXBuildFile; fileRef = 565E14FB2B8726B500AD7292 /* AnimatedCirclesViewModel.swift */; };
		565E14FE2B8726D000AD7292 /* AnimatedCirclesView.swift in Sources */ = {isa = PBXBuildFile; fileRef = 565E14FD2B8726D000AD7292 /* AnimatedCirclesView.swift */; };
		566F147D2B6A063B0069F06D /* ProfileRecord.swift in Sources */ = {isa = PBXBuildFile; fileRef = 566F147C2B6A063A0069F06D /* ProfileRecord.swift */; };
		566F14862B6A1F590069F06D /* IntroView.swift in Sources */ = {isa = PBXBuildFile; fileRef = 566F14852B6A1F590069F06D /* IntroView.swift */; };
		566F14882B6A207F0069F06D /* AppService.swift in Sources */ = {isa = PBXBuildFile; fileRef = 566F14872B6A207F0069F06D /* AppService.swift */; };
		566F148A2B6A20C00069F06D /* ServiceLocator.swift in Sources */ = {isa = PBXBuildFile; fileRef = 566F14892B6A20C00069F06D /* ServiceLocator.swift */; };
		566F149A2B6A21370069F06D /* AudioLoaderService.swift in Sources */ = {isa = PBXBuildFile; fileRef = 566F148E2B6A21360069F06D /* AudioLoaderService.swift */; };
		566F149B2B6A21370069F06D /* MusicManager.swift in Sources */ = {isa = PBXBuildFile; fileRef = 566F148F2B6A21360069F06D /* MusicManager.swift */; };
		566F149C2B6A21370069F06D /* AudioSessionService.swift in Sources */ = {isa = PBXBuildFile; fileRef = 566F14902B6A21360069F06D /* AudioSessionService.swift */; };
		566F149D2B6A21370069F06D /* MusicLibrary.swift in Sources */ = {isa = PBXBuildFile; fileRef = 566F14912B6A21360069F06D /* MusicLibrary.swift */; };
		566F149E2B6A21370069F06D /* Song.swift in Sources */ = {isa = PBXBuildFile; fileRef = 566F14922B6A21370069F06D /* Song.swift */; };
		566F149F2B6A21370069F06D /* MusicPlayer.swift in Sources */ = {isa = PBXBuildFile; fileRef = 566F14932B6A21370069F06D /* MusicPlayer.swift */; };
		566F14A02B6A21370069F06D /* AudioPlayable.swift in Sources */ = {isa = PBXBuildFile; fileRef = 566F14942B6A21370069F06D /* AudioPlayable.swift */; };
		566F14A12B6A21370069F06D /* SoundEffect.swift in Sources */ = {isa = PBXBuildFile; fileRef = 566F14952B6A21370069F06D /* SoundEffect.swift */; };
		566F14A22B6A21370069F06D /* SoundEffectManageable.swift in Sources */ = {isa = PBXBuildFile; fileRef = 566F14962B6A21370069F06D /* SoundEffectManageable.swift */; };
		566F14A32B6A21370069F06D /* Playlist.swift in Sources */ = {isa = PBXBuildFile; fileRef = 566F14972B6A21370069F06D /* Playlist.swift */; };
		566F14A42B6A21370069F06D /* SoundEffectsManager.swift in Sources */ = {isa = PBXBuildFile; fileRef = 566F14982B6A21370069F06D /* SoundEffectsManager.swift */; };
		566F14A52B6A21370069F06D /* AudioService.swift in Sources */ = {isa = PBXBuildFile; fileRef = 566F14992B6A21370069F06D /* AudioService.swift */; };
		566F14AE2B6A22CF0069F06D /* ThemeService.swift in Sources */ = {isa = PBXBuildFile; fileRef = 566F14AD2B6A22CF0069F06D /* ThemeService.swift */; };
		566F14B12B6A26340069F06D /* Music in Resources */ = {isa = PBXBuildFile; fileRef = 566F14B02B6A26330069F06D /* Music */; };
		566F14B92B6C00200069F06D /* SettingsView.swift in Sources */ = {isa = PBXBuildFile; fileRef = 566F14B82B6C00200069F06D /* SettingsView.swift */; };
		566F14C02B6C4AEA0069F06D /* AppScreen.swift in Sources */ = {isa = PBXBuildFile; fileRef = 566F14BF2B6C4AEA0069F06D /* AppScreen.swift */; };
		566F14C52B6C4C610069F06D /* HomeNavigationStack.swift in Sources */ = {isa = PBXBuildFile; fileRef = 566F14C42B6C4C610069F06D /* HomeNavigationStack.swift */; };
		566F14C72B6C4C720069F06D /* PlayNavigationStack.swift in Sources */ = {isa = PBXBuildFile; fileRef = 566F14C62B6C4C720069F06D /* PlayNavigationStack.swift */; };
		566F14C92B6C50890069F06D /* AppTabView.swift in Sources */ = {isa = PBXBuildFile; fileRef = 566F14C82B6C50890069F06D /* AppTabView.swift */; };
		566F14CB2B6CD6570069F06D /* LeaderboardView.swift in Sources */ = {isa = PBXBuildFile; fileRef = 566F14CA2B6CD6570069F06D /* LeaderboardView.swift */; };
		566F14CD2B6CD7560069F06D /* BasicNavButton.swift in Sources */ = {isa = PBXBuildFile; fileRef = 566F14CC2B6CD7560069F06D /* BasicNavButton.swift */; };
		566F14CF2B6CD7B70069F06D /* StatisticsView.swift in Sources */ = {isa = PBXBuildFile; fileRef = 566F14CE2B6CD7B70069F06D /* StatisticsView.swift */; };
		566F14D12B6CD97B0069F06D /* FriendsListView.swift in Sources */ = {isa = PBXBuildFile; fileRef = 566F14D02B6CD97B0069F06D /* FriendsListView.swift */; };
		566F14D82B6CE7460069F06D /* GlassModifier.swift in Sources */ = {isa = PBXBuildFile; fileRef = 566F14D72B6CE7460069F06D /* GlassModifier.swift */; };
		567173052B70CBAE0009607D /* BattleServerService.swift in Sources */ = {isa = PBXBuildFile; fileRef = 567173042B70CBAE0009607D /* BattleServerService.swift */; };
		567300C02B6D01F3005D79F2 /* Board.swift in Sources */ = {isa = PBXBuildFile; fileRef = 567300BD2B6D01F3005D79F2 /* Board.swift */; };
		567300C12B6D01F3005D79F2 /* BoardView.swift in Sources */ = {isa = PBXBuildFile; fileRef = 567300BE2B6D01F3005D79F2 /* BoardView.swift */; };
		567300C22B6D01F3005D79F2 /* BoardViewModel.swift in Sources */ = {isa = PBXBuildFile; fileRef = 567300BF2B6D01F3005D79F2 /* BoardViewModel.swift */; };
		567300C42B6D03A6005D79F2 /* LetterBoardView.swift in Sources */ = {isa = PBXBuildFile; fileRef = 567300C32B6D03A6005D79F2 /* LetterBoardView.swift */; };
		567300C62B6D0452005D79F2 /* LetterCellView.swift in Sources */ = {isa = PBXBuildFile; fileRef = 567300C52B6D0452005D79F2 /* LetterCellView.swift */; };
		567300C82B6D05A8005D79F2 /* GameModel.swift in Sources */ = {isa = PBXBuildFile; fileRef = 567300C72B6D05A8005D79F2 /* GameModel.swift */; };
		567300CB2B6D72F5005D79F2 /* TrieNode.swift in Sources */ = {isa = PBXBuildFile; fileRef = 567300CA2B6D72F5005D79F2 /* TrieNode.swift */; };
		567300CD2B6D730E005D79F2 /* WordChecker.swift in Sources */ = {isa = PBXBuildFile; fileRef = 567300CC2B6D730E005D79F2 /* WordChecker.swift */; };
		567300CF2B6D7382005D79F2 /* french_trie_serialized.json in Resources */ = {isa = PBXBuildFile; fileRef = 567300CE2B6D7382005D79F2 /* french_trie_serialized.json */; };
		567300D42B6DE07A005D79F2 /* GameView.swift in Sources */ = {isa = PBXBuildFile; fileRef = 567300D32B6DE07A005D79F2 /* GameView.swift */; };
		56A6DCEB2BBE0C6700E0A429 /* ProfileCardView.swift in Sources */ = {isa = PBXBuildFile; fileRef = 56A6DCEA2BBE0C6700E0A429 /* ProfileCardView.swift */; };
		56A6DCED2BBE167E00E0A429 /* EditableProfileCardView.swift in Sources */ = {isa = PBXBuildFile; fileRef = 56A6DCEC2BBE167E00E0A429 /* EditableProfileCardView.swift */; };
		56A6DCEF2BBE919D00E0A429 /* ProfileImageView.swift in Sources */ = {isa = PBXBuildFile; fileRef = 56A6DCEE2BBE919D00E0A429 /* ProfileImageView.swift */; };
		56A6DCF12BBE925B00E0A429 /* ProfileImageEditingView.swift in Sources */ = {isa = PBXBuildFile; fileRef = 56A6DCF02BBE925B00E0A429 /* ProfileImageEditingView.swift */; };
		56A6DCF32BBF44C600E0A429 /* BannerView.swift in Sources */ = {isa = PBXBuildFile; fileRef = 56A6DCF22BBF44C600E0A429 /* BannerView.swift */; };
		56A6DCF62BBF453400E0A429 /* PortraitView.swift in Sources */ = {isa = PBXBuildFile; fileRef = 56A6DCF52BBF453400E0A429 /* PortraitView.swift */; };
		56A6DCF92BBF464F00E0A429 /* TitleView.swift in Sources */ = {isa = PBXBuildFile; fileRef = 56A6DCF82BBF464F00E0A429 /* TitleView.swift */; };
		56A6DCFB2BBF497800E0A429 /* ifLet.swift in Sources */ = {isa = PBXBuildFile; fileRef = 56A6DCFA2BBF497800E0A429 /* ifLet.swift */; };
		56A6DCFD2BBF8E2500E0A429 /* RotatingCircleGradientStroke.swift in Sources */ = {isa = PBXBuildFile; fileRef = 56A6DCFC2BBF8E2500E0A429 /* RotatingCircleGradientStroke.swift */; };
		56A6DCFF2BBFA1CB00E0A429 /* BannerEditingView.swift in Sources */ = {isa = PBXBuildFile; fileRef = 56A6DCFE2BBFA1CB00E0A429 /* BannerEditingView.swift */; };
		56A6DD012BBFA83B00E0A429 /* ProfileCardBackground.swift in Sources */ = {isa = PBXBuildFile; fileRef = 56A6DD002BBFA83B00E0A429 /* ProfileCardBackground.swift */; };
		56A6DD042BBFA9E500E0A429 /* PlayerNameView.swift in Sources */ = {isa = PBXBuildFile; fileRef = 56A6DD032BBFA9E500E0A429 /* PlayerNameView.swift */; };
		56A6DD072BBFAA7C00E0A429 /* EloRatingView.swift in Sources */ = {isa = PBXBuildFile; fileRef = 56A6DD062BBFAA7C00E0A429 /* EloRatingView.swift */; };
		56A6DD0A2BBFAC9200E0A429 /* TitleEditingView.swift in Sources */ = {isa = PBXBuildFile; fileRef = 56A6DD092BBFAC9200E0A429 /* TitleEditingView.swift */; };
		56A6DD0C2BC0138C00E0A429 /* SelectionOverlayModifier.swift in Sources */ = {isa = PBXBuildFile; fileRef = 56A6DD0B2BC0138C00E0A429 /* SelectionOverlayModifier.swift */; };
		56A6DD0E2BC0141C00E0A429 /* EditingScrollView.swift in Sources */ = {isa = PBXBuildFile; fileRef = 56A6DD0D2BC0141C00E0A429 /* EditingScrollView.swift */; };
		56A6DD102BC0280700E0A429 /* DescriptionView.swift in Sources */ = {isa = PBXBuildFile; fileRef = 56A6DD0F2BC0280700E0A429 /* DescriptionView.swift */; };
		56A6DD122BC06E3400E0A429 /* FadeInModifier.swift in Sources */ = {isa = PBXBuildFile; fileRef = 56A6DD112BC06E3400E0A429 /* FadeInModifier.swift */; };
		56A6DD142BC06F8200E0A429 /* BasicDissmiss.swift in Sources */ = {isa = PBXBuildFile; fileRef = 56A6DD132BC06F8200E0A429 /* BasicDissmiss.swift */; };
		56A6DD1F2BC0FB3A00E0A429 /* iCloudService.swift in Sources */ = {isa = PBXBuildFile; fileRef = 56A6DD1E2BC0FB3A00E0A429 /* iCloudService.swift */; };
		56A6DD212BC0FB8900E0A429 /* AchievementsProgression.swift in Sources */ = {isa = PBXBuildFile; fileRef = 56A6DD202BC0FB8900E0A429 /* AchievementsProgression.swift */; };
		56BCCC722BC3203E00A3C2F0 /* SearchService.swift in Sources */ = {isa = PBXBuildFile; fileRef = 56BCCC712BC3203E00A3C2F0 /* SearchService.swift */; };
		56BCCC742BC32C5400A3C2F0 /* BattleOrchestrator.swift in Sources */ = {isa = PBXBuildFile; fileRef = 56BCCC732BC32C5300A3C2F0 /* BattleOrchestrator.swift */; };
		56BCCC762BC335ED00A3C2F0 /* BattleService.swift in Sources */ = {isa = PBXBuildFile; fileRef = 56BCCC752BC335ED00A3C2F0 /* BattleService.swift */; };
		56BCCC792BC3C2F100A3C2F0 /* PlayView.swift in Sources */ = {isa = PBXBuildFile; fileRef = 56BCCC782BC3C2F100A3C2F0 /* PlayView.swift */; };
		56BCCC7B2BC3C48600A3C2F0 /* BattleOrchestratorView.swift in Sources */ = {isa = PBXBuildFile; fileRef = 56BCCC7A2BC3C48600A3C2F0 /* BattleOrchestratorView.swift */; };
		56BCCC7D2BC4192400A3C2F0 /* Profile.swift in Sources */ = {isa = PBXBuildFile; fileRef = 56BCCC7C2BC4192400A3C2F0 /* Profile.swift */; };
		56BCCC7F2BC4218B00A3C2F0 /* AchievementProgression.swift in Sources */ = {isa = PBXBuildFile; fileRef = 56BCCC7E2BC4218B00A3C2F0 /* AchievementProgression.swift */; };
		56BCCC822BC42F7800A3C2F0 /* TaskQueueManager.swift in Sources */ = {isa = PBXBuildFile; fileRef = 56BCCC812BC42F7800A3C2F0 /* TaskQueueManager.swift */; };
		56BCCC842BC432D100A3C2F0 /* ContentView.swift in Sources */ = {isa = PBXBuildFile; fileRef = 56BCCC832BC432D100A3C2F0 /* ContentView.swift */; };
		56BCCCD32BC5BA4400A3C2F0 /* DataService.swift in Sources */ = {isa = PBXBuildFile; fileRef = 56BCCCD22BC5BA4400A3C2F0 /* DataService.swift */; };
		56BCCCD52BC5BA5F00A3C2F0 /* PausableTimer.swift in Sources */ = {isa = PBXBuildFile; fileRef = 56BCCCD42BC5BA5F00A3C2F0 /* PausableTimer.swift */; };
		56BCCCD72BC5BA7A00A3C2F0 /* AppDataService.swift in Sources */ = {isa = PBXBuildFile; fileRef = 56BCCCD62BC5BA7A00A3C2F0 /* AppDataService.swift */; };
		56BCCCD92BC5BA9D00A3C2F0 /* log.swift in Sources */ = {isa = PBXBuildFile; fileRef = 56BCCCD82BC5BA9D00A3C2F0 /* log.swift */; };
		56BCCCDB2BC5BCA200A3C2F0 /* LeaderboardService.swift in Sources */ = {isa = PBXBuildFile; fileRef = 56BCCCDA2BC5BCA200A3C2F0 /* LeaderboardService.swift */; };
		56BCCCDD2BC5C82F00A3C2F0 /* PPLocalService.swift in Sources */ = {isa = PBXBuildFile; fileRef = 56BCCCDC2BC5C82F00A3C2F0 /* PPLocalService.swift */; };
		56BCCCDF2BC5F8C000A3C2F0 /* LeaderboardRow.swift in Sources */ = {isa = PBXBuildFile; fileRef = 56BCCCDE2BC5F8C000A3C2F0 /* LeaderboardRow.swift */; };
		56BCCCE12BC5FAC600A3C2F0 /* LeaderboardRowLoading.swift in Sources */ = {isa = PBXBuildFile; fileRef = 56BCCCE02BC5FAC600A3C2F0 /* LeaderboardRowLoading.swift */; };
		56BCCCE32BC633C800A3C2F0 /* VisibilityTrackingScrollView.swift in Sources */ = {isa = PBXBuildFile; fileRef = 56BCCCE22BC633C800A3C2F0 /* VisibilityTrackingScrollView.swift */; };
		56BCCCE52BC64F8500A3C2F0 /* CardBackgroundModifier.swift in Sources */ = {isa = PBXBuildFile; fileRef = 56BCCCE42BC64F8500A3C2F0 /* CardBackgroundModifier.swift */; };
		56BCCCE72BC650AF00A3C2F0 /* AchievementRow.swift in Sources */ = {isa = PBXBuildFile; fileRef = 56BCCCE62BC650AF00A3C2F0 /* AchievementRow.swift */; };
		56BCCCEB2BC6FF8800A3C2F0 /* BlinkingEffectModifier.swift in Sources */ = {isa = PBXBuildFile; fileRef = 56BCCCEA2BC6FF8800A3C2F0 /* BlinkingEffectModifier.swift */; };
		56BCCCED2BC7022500A3C2F0 /* AdaptiveForegroundStyleModifier.swift in Sources */ = {isa = PBXBuildFile; fileRef = 56BCCCEC2BC7022500A3C2F0 /* AdaptiveForegroundStyleModifier.swift */; };
		56BCCCEF2BC70C2700A3C2F0 /* NavigationBarColorModifier.swift in Sources */ = {isa = PBXBuildFile; fileRef = 56BCCCEE2BC70C2700A3C2F0 /* NavigationBarColorModifier.swift */; };
		56BCCCF12BC72CC600A3C2F0 /* FriendListRow.swift in Sources */ = {isa = PBXBuildFile; fileRef = 56BCCCF02BC72CC600A3C2F0 /* FriendListRow.swift */; };
		56BCCCF32BC7503200A3C2F0 /* GameCenterView.swift in Sources */ = {isa = PBXBuildFile; fileRef = 56BCCCF22BC7503200A3C2F0 /* GameCenterView.swift */; };
		56BCCCF52BC759F200A3C2F0 /* AchievementsService.swift in Sources */ = {isa = PBXBuildFile; fileRef = 56BCCCF42BC759F200A3C2F0 /* AchievementsService.swift */; };
		56BCCCF72BC7641600A3C2F0 /* DataView.swift in Sources */ = {isa = PBXBuildFile; fileRef = 56BCCCF62BC7641600A3C2F0 /* DataView.swift */; };
		56C1D0C72B84172E005D223F /* MatchmakingService.swift in Sources */ = {isa = PBXBuildFile; fileRef = 56C1D0C62B84172E005D223F /* MatchmakingService.swift */; };
		56C1D0C92B85BDCD005D223F /* PlayerDefaultsManager.swift in Sources */ = {isa = PBXBuildFile; fileRef = 56C1D0C82B85BDCD005D223F /* PlayerDefaultsManager.swift */; };
		56C1D0CB2B86B441005D223F /* ColorSchemeManager.swift in Sources */ = {isa = PBXBuildFile; fileRef = 56C1D0CA2B86B441005D223F /* ColorSchemeManager.swift */; };
		56D5F7522BC21D8F005FBFCD /* EloRatingService.swift in Sources */ = {isa = PBXBuildFile; fileRef = 56D5F7512BC21D8F005FBFCD /* EloRatingService.swift */; };
		56D5F7542BC2CB34005FBFCD /* MatchService.swift in Sources */ = {isa = PBXBuildFile; fileRef = 56D5F7532BC2CB34005FBFCD /* MatchService.swift */; };
		56D5F7562BC2CD47005FBFCD /* MatchView.swift in Sources */ = {isa = PBXBuildFile; fileRef = 56D5F7552BC2CD47005FBFCD /* MatchView.swift */; };
/* End PBXBuildFile section */

/* Begin PBXContainerItemProxy section */
		5652D51B2B6814EC0071AE08 /* PBXContainerItemProxy */ = {
			isa = PBXContainerItemProxy;
			containerPortal = 5652D4FE2B6814EA0071AE08 /* Project object */;
			proxyType = 1;
			remoteGlobalIDString = 5652D5052B6814EA0071AE08;
			remoteInfo = "Word Rivalry";
		};
		5652D5252B6814EC0071AE08 /* PBXContainerItemProxy */ = {
			isa = PBXContainerItemProxy;
			containerPortal = 5652D4FE2B6814EA0071AE08 /* Project object */;
			proxyType = 1;
			remoteGlobalIDString = 5652D5052B6814EA0071AE08;
			remoteInfo = "Word Rivalry";
		};
/* End PBXContainerItemProxy section */

/* Begin PBXFileReference section */
		5615F7802BAFAB7400177A44 /* BlurredOverlayModifier.swift */ = {isa = PBXFileReference; lastKnownFileType = sourcecode.swift; path = BlurredOverlayModifier.swift; sourceTree = "<group>"; };
		5615F7832BAFB15C00177A44 /* NucleusView.swift */ = {isa = PBXFileReference; lastKnownFileType = sourcecode.swift; path = NucleusView.swift; sourceTree = "<group>"; };
		5615F7872BAFC53A00177A44 /* AnimationManager.swift */ = {isa = PBXFileReference; lastKnownFileType = sourcecode.swift; path = AnimationManager.swift; sourceTree = "<group>"; };
		5615F7892BAFE0F500177A44 /* StarryNightView.swift */ = {isa = PBXFileReference; lastKnownFileType = sourcecode.swift; path = StarryNightView.swift; sourceTree = "<group>"; };
		5615F78B2BB11BF800177A44 /* OnAppearAnimate.swift */ = {isa = PBXFileReference; lastKnownFileType = sourcecode.swift; path = OnAppearAnimate.swift; sourceTree = "<group>"; };
		5615F78D2BB12E9800177A44 /* RankUpdateView.swift */ = {isa = PBXFileReference; lastKnownFileType = sourcecode.swift; path = RankUpdateView.swift; sourceTree = "<group>"; };
		5615F7942BB2FA5800177A44 /* PublicDatabase.swift */ = {isa = PBXFileReference; lastKnownFileType = sourcecode.swift; path = PublicDatabase.swift; sourceTree = "<group>"; };
		5615F79A2BB3086400177A44 /* CloudKitManager.swift */ = {isa = PBXFileReference; lastKnownFileType = sourcecode.swift; path = CloudKitManager.swift; sourceTree = "<group>"; };
		5615F79D2BB4F3C700177A44 /* PublicProfile.swift */ = {isa = PBXFileReference; lastKnownFileType = sourcecode.swift; path = PublicProfile.swift; sourceTree = "<group>"; };
		5615F79F2BB4FB4100177A44 /* ModelContainerPreview.swift */ = {isa = PBXFileReference; lastKnownFileType = sourcecode.swift; path = ModelContainerPreview.swift; sourceTree = "<group>"; };
		5615F7A12BB4FB9700177A44 /* PreviewSampleData.swift */ = {isa = PBXFileReference; lastKnownFileType = sourcecode.swift; path = PreviewSampleData.swift; sourceTree = "<group>"; };
		5624EE5E2BB7085300F6980A /* AchievementModel.swift */ = {isa = PBXFileReference; lastKnownFileType = sourcecode.swift; path = AchievementModel.swift; sourceTree = "<group>"; };
		5624EE602BB8364600F6980A /* EventSystem.swift */ = {isa = PBXFileReference; lastKnownFileType = sourcecode.swift; path = EventSystem.swift; sourceTree = "<group>"; };
		5624EE632BB8553200F6980A /* AchievementsView.swift */ = {isa = PBXFileReference; lastKnownFileType = sourcecode.swift; path = AchievementsView.swift; sourceTree = "<group>"; };
		5624EE652BB864C000F6980A /* ContentRepository.swift */ = {isa = PBXFileReference; lastKnownFileType = sourcecode.swift; path = ContentRepository.swift; sourceTree = "<group>"; };
		5624EE722BB8C21E00F6980A /* AchievementStore.swift */ = {isa = PBXFileReference; lastKnownFileType = sourcecode.swift; path = AchievementStore.swift; sourceTree = "<group>"; };
		5624EE742BB8C2C900F6980A /* AchievementManager.swift */ = {isa = PBXFileReference; lastKnownFileType = sourcecode.swift; path = AchievementManager.swift; sourceTree = "<group>"; };
		5624EE762BB9DF6600F6980A /* SwiftDataSource.swift */ = {isa = PBXFileReference; lastKnownFileType = sourcecode.swift; path = SwiftDataSource.swift; sourceTree = "<group>"; };
		5624EE7B2BBB718A00F6980A /* SwiftDataService.swift */ = {isa = PBXFileReference; lastKnownFileType = sourcecode.swift; path = SwiftDataService.swift; sourceTree = "<group>"; };
		5624EE802BBC603E00F6980A /* AchievementNotificationView.swift */ = {isa = PBXFileReference; lastKnownFileType = sourcecode.swift; path = AchievementNotificationView.swift; sourceTree = "<group>"; };
		564549542B92195C002A289C /* GameCardView.swift */ = {isa = PBXFileReference; lastKnownFileType = sourcecode.swift; path = GameCardView.swift; sourceTree = "<group>"; };
		5645495D2B923955002A289C /* GameTournamentView.swift */ = {isa = PBXFileReference; lastKnownFileType = sourcecode.swift; path = GameTournamentView.swift; sourceTree = "<group>"; };
		56466F6E2BAB31B20008C985 /* SearchingView.swift */ = {isa = PBXFileReference; lastKnownFileType = sourcecode.swift; path = SearchingView.swift; sourceTree = "<group>"; };
		56466F722BAB328B0008C985 /* CountdownOverlayView.swift */ = {isa = PBXFileReference; lastKnownFileType = sourcecode.swift; path = CountdownOverlayView.swift; sourceTree = "<group>"; };
		56466F742BAB33020008C985 /* AnimatedLinesView.swift */ = {isa = PBXFileReference; lastKnownFileType = sourcecode.swift; path = AnimatedLinesView.swift; sourceTree = "<group>"; };
		56466F762BAB33270008C985 /* PulsatingCircleView.swift */ = {isa = PBXFileReference; lastKnownFileType = sourcecode.swift; path = PulsatingCircleView.swift; sourceTree = "<group>"; };
		56466F782BAB33890008C985 /* GameResultsView.swift */ = {isa = PBXFileReference; lastKnownFileType = sourcecode.swift; path = GameResultsView.swift; sourceTree = "<group>"; };
		56466F812BAC89480008C985 /* WebSocketManager.swift */ = {isa = PBXFileReference; lastKnownFileType = sourcecode.swift; path = WebSocketManager.swift; sourceTree = "<group>"; };
		56466F832BAC8A260008C985 /* WebSocketService.swift */ = {isa = PBXFileReference; lastKnownFileType = sourcecode.swift; path = WebSocketService.swift; sourceTree = "<group>"; };
		56466F882BAEFAC10008C985 /* OutcomeView.swift */ = {isa = PBXFileReference; lastKnownFileType = sourcecode.swift; path = OutcomeView.swift; sourceTree = "<group>"; };
		56466F8A2BAEFB710008C985 /* PlayerScoresView.swift */ = {isa = PBXFileReference; lastKnownFileType = sourcecode.swift; path = PlayerScoresView.swift; sourceTree = "<group>"; };
		56466F8C2BAEFBD10008C985 /* WordHistoryTimelineView.swift */ = {isa = PBXFileReference; lastKnownFileType = sourcecode.swift; path = WordHistoryTimelineView.swift; sourceTree = "<group>"; };
		56466F8E2BAEFBF20008C985 /* CompleteWordListView.swift */ = {isa = PBXFileReference; lastKnownFileType = sourcecode.swift; path = CompleteWordListView.swift; sourceTree = "<group>"; };
		5652D5062B6814EA0071AE08 /* Word Rivalry.app */ = {isa = PBXFileReference; explicitFileType = wrapper.application; includeInIndex = 0; path = "Word Rivalry.app"; sourceTree = BUILT_PRODUCTS_DIR; };
		5652D5092B6814EA0071AE08 /* Word_RivalryApp.swift */ = {isa = PBXFileReference; lastKnownFileType = sourcecode.swift; path = Word_RivalryApp.swift; sourceTree = "<group>"; };
		5652D50B2B6814EA0071AE08 /* ScreenView.swift */ = {isa = PBXFileReference; lastKnownFileType = sourcecode.swift; path = ScreenView.swift; sourceTree = "<group>"; };
		5652D50F2B6814EC0071AE08 /* Assets.xcassets */ = {isa = PBXFileReference; lastKnownFileType = folder.assetcatalog; path = Assets.xcassets; sourceTree = "<group>"; };
		5652D5112B6814EC0071AE08 /* Word_Rivalry.entitlements */ = {isa = PBXFileReference; lastKnownFileType = text.plist.entitlements; path = Word_Rivalry.entitlements; sourceTree = "<group>"; };
		5652D5132B6814EC0071AE08 /* Preview Assets.xcassets */ = {isa = PBXFileReference; lastKnownFileType = folder.assetcatalog; path = "Preview Assets.xcassets"; sourceTree = "<group>"; };
		5652D5152B6814EC0071AE08 /* Info.plist */ = {isa = PBXFileReference; lastKnownFileType = text.plist.xml; path = Info.plist; sourceTree = "<group>"; };
		5652D51A2B6814EC0071AE08 /* Word RivalryTests.xctest */ = {isa = PBXFileReference; explicitFileType = wrapper.cfbundle; includeInIndex = 0; path = "Word RivalryTests.xctest"; sourceTree = BUILT_PRODUCTS_DIR; };
		5652D51E2B6814EC0071AE08 /* Word_RivalryTests.swift */ = {isa = PBXFileReference; lastKnownFileType = sourcecode.swift; path = Word_RivalryTests.swift; sourceTree = "<group>"; };
		5652D5242B6814EC0071AE08 /* Word RivalryUITests.xctest */ = {isa = PBXFileReference; explicitFileType = wrapper.cfbundle; includeInIndex = 0; path = "Word RivalryUITests.xctest"; sourceTree = BUILT_PRODUCTS_DIR; };
		5652D5282B6814EC0071AE08 /* Word_RivalryUITests.swift */ = {isa = PBXFileReference; lastKnownFileType = sourcecode.swift; path = Word_RivalryUITests.swift; sourceTree = "<group>"; };
		5652D52A2B6814EC0071AE08 /* Word_RivalryUITestsLaunchTests.swift */ = {isa = PBXFileReference; lastKnownFileType = sourcecode.swift; path = Word_RivalryUITestsLaunchTests.swift; sourceTree = "<group>"; };
		5652D5402B68E7800071AE08 /* NetworkUtility.swift */ = {isa = PBXFileReference; lastKnownFileType = sourcecode.swift; path = NetworkUtility.swift; sourceTree = "<group>"; };
		5654A01B2BC17E88001CF6BE /* LaunchService.swift */ = {isa = PBXFileReference; lastKnownFileType = sourcecode.swift; path = LaunchService.swift; sourceTree = "<group>"; };
		5654A01D2BC19C34001CF6BE /* ServiceProtocol.swift */ = {isa = PBXFileReference; lastKnownFileType = sourcecode.swift; path = ServiceProtocol.swift; sourceTree = "<group>"; };
		5654A01F2BC1B1E8001CF6BE /* Friend.swift */ = {isa = PBXFileReference; lastKnownFileType = sourcecode.swift; path = Friend.swift; sourceTree = "<group>"; };
		5654A0212BC1C525001CF6BE /* PlayerNameEditingView.swift */ = {isa = PBXFileReference; lastKnownFileType = sourcecode.swift; path = PlayerNameEditingView.swift; sourceTree = "<group>"; };
		565E14F82B8720B400AD7292 /* BasicButton.swift */ = {isa = PBXFileReference; lastKnownFileType = sourcecode.swift; path = BasicButton.swift; sourceTree = "<group>"; };
		565E14FB2B8726B500AD7292 /* AnimatedCirclesViewModel.swift */ = {isa = PBXFileReference; lastKnownFileType = sourcecode.swift; path = AnimatedCirclesViewModel.swift; sourceTree = "<group>"; };
		565E14FD2B8726D000AD7292 /* AnimatedCirclesView.swift */ = {isa = PBXFileReference; lastKnownFileType = sourcecode.swift; path = AnimatedCirclesView.swift; sourceTree = "<group>"; };
		566F147C2B6A063A0069F06D /* ProfileRecord.swift */ = {isa = PBXFileReference; lastKnownFileType = sourcecode.swift; path = ProfileRecord.swift; sourceTree = "<group>"; };
		566F14852B6A1F590069F06D /* IntroView.swift */ = {isa = PBXFileReference; lastKnownFileType = sourcecode.swift; path = IntroView.swift; sourceTree = "<group>"; };
		566F14872B6A207F0069F06D /* AppService.swift */ = {isa = PBXFileReference; lastKnownFileType = sourcecode.swift; path = AppService.swift; sourceTree = "<group>"; };
		566F14892B6A20C00069F06D /* ServiceLocator.swift */ = {isa = PBXFileReference; lastKnownFileType = sourcecode.swift; path = ServiceLocator.swift; sourceTree = "<group>"; };
		566F148E2B6A21360069F06D /* AudioLoaderService.swift */ = {isa = PBXFileReference; fileEncoding = 4; lastKnownFileType = sourcecode.swift; path = AudioLoaderService.swift; sourceTree = "<group>"; };
		566F148F2B6A21360069F06D /* MusicManager.swift */ = {isa = PBXFileReference; fileEncoding = 4; lastKnownFileType = sourcecode.swift; path = MusicManager.swift; sourceTree = "<group>"; };
		566F14902B6A21360069F06D /* AudioSessionService.swift */ = {isa = PBXFileReference; fileEncoding = 4; lastKnownFileType = sourcecode.swift; path = AudioSessionService.swift; sourceTree = "<group>"; };
		566F14912B6A21360069F06D /* MusicLibrary.swift */ = {isa = PBXFileReference; fileEncoding = 4; lastKnownFileType = sourcecode.swift; path = MusicLibrary.swift; sourceTree = "<group>"; };
		566F14922B6A21370069F06D /* Song.swift */ = {isa = PBXFileReference; fileEncoding = 4; lastKnownFileType = sourcecode.swift; path = Song.swift; sourceTree = "<group>"; };
		566F14932B6A21370069F06D /* MusicPlayer.swift */ = {isa = PBXFileReference; fileEncoding = 4; lastKnownFileType = sourcecode.swift; path = MusicPlayer.swift; sourceTree = "<group>"; };
		566F14942B6A21370069F06D /* AudioPlayable.swift */ = {isa = PBXFileReference; fileEncoding = 4; lastKnownFileType = sourcecode.swift; path = AudioPlayable.swift; sourceTree = "<group>"; };
		566F14952B6A21370069F06D /* SoundEffect.swift */ = {isa = PBXFileReference; fileEncoding = 4; lastKnownFileType = sourcecode.swift; path = SoundEffect.swift; sourceTree = "<group>"; };
		566F14962B6A21370069F06D /* SoundEffectManageable.swift */ = {isa = PBXFileReference; fileEncoding = 4; lastKnownFileType = sourcecode.swift; path = SoundEffectManageable.swift; sourceTree = "<group>"; };
		566F14972B6A21370069F06D /* Playlist.swift */ = {isa = PBXFileReference; fileEncoding = 4; lastKnownFileType = sourcecode.swift; path = Playlist.swift; sourceTree = "<group>"; };
		566F14982B6A21370069F06D /* SoundEffectsManager.swift */ = {isa = PBXFileReference; fileEncoding = 4; lastKnownFileType = sourcecode.swift; path = SoundEffectsManager.swift; sourceTree = "<group>"; };
		566F14992B6A21370069F06D /* AudioService.swift */ = {isa = PBXFileReference; fileEncoding = 4; lastKnownFileType = sourcecode.swift; path = AudioService.swift; sourceTree = "<group>"; };
		566F14AD2B6A22CF0069F06D /* ThemeService.swift */ = {isa = PBXFileReference; lastKnownFileType = sourcecode.swift; path = ThemeService.swift; sourceTree = "<group>"; };
		566F14B02B6A26330069F06D /* Music */ = {isa = PBXFileReference; lastKnownFileType = folder; path = Music; sourceTree = "<group>"; };
		566F14B82B6C00200069F06D /* SettingsView.swift */ = {isa = PBXFileReference; lastKnownFileType = sourcecode.swift; path = SettingsView.swift; sourceTree = "<group>"; };
		566F14BF2B6C4AEA0069F06D /* AppScreen.swift */ = {isa = PBXFileReference; lastKnownFileType = sourcecode.swift; path = AppScreen.swift; sourceTree = "<group>"; };
		566F14C42B6C4C610069F06D /* HomeNavigationStack.swift */ = {isa = PBXFileReference; lastKnownFileType = sourcecode.swift; path = HomeNavigationStack.swift; sourceTree = "<group>"; };
		566F14C62B6C4C720069F06D /* PlayNavigationStack.swift */ = {isa = PBXFileReference; lastKnownFileType = sourcecode.swift; path = PlayNavigationStack.swift; sourceTree = "<group>"; };
		566F14C82B6C50890069F06D /* AppTabView.swift */ = {isa = PBXFileReference; lastKnownFileType = sourcecode.swift; path = AppTabView.swift; sourceTree = "<group>"; };
		566F14CA2B6CD6570069F06D /* LeaderboardView.swift */ = {isa = PBXFileReference; lastKnownFileType = sourcecode.swift; path = LeaderboardView.swift; sourceTree = "<group>"; };
		566F14CC2B6CD7560069F06D /* BasicNavButton.swift */ = {isa = PBXFileReference; lastKnownFileType = sourcecode.swift; path = BasicNavButton.swift; sourceTree = "<group>"; };
		566F14CE2B6CD7B70069F06D /* StatisticsView.swift */ = {isa = PBXFileReference; lastKnownFileType = sourcecode.swift; path = StatisticsView.swift; sourceTree = "<group>"; };
		566F14D02B6CD97B0069F06D /* FriendsListView.swift */ = {isa = PBXFileReference; lastKnownFileType = sourcecode.swift; path = FriendsListView.swift; sourceTree = "<group>"; };
		566F14D72B6CE7460069F06D /* GlassModifier.swift */ = {isa = PBXFileReference; lastKnownFileType = sourcecode.swift; path = GlassModifier.swift; sourceTree = "<group>"; };
		567173042B70CBAE0009607D /* BattleServerService.swift */ = {isa = PBXFileReference; lastKnownFileType = sourcecode.swift; path = BattleServerService.swift; sourceTree = "<group>"; };
		567300BD2B6D01F3005D79F2 /* Board.swift */ = {isa = PBXFileReference; fileEncoding = 4; lastKnownFileType = sourcecode.swift; path = Board.swift; sourceTree = "<group>"; };
		567300BE2B6D01F3005D79F2 /* BoardView.swift */ = {isa = PBXFileReference; fileEncoding = 4; lastKnownFileType = sourcecode.swift; path = BoardView.swift; sourceTree = "<group>"; };
		567300BF2B6D01F3005D79F2 /* BoardViewModel.swift */ = {isa = PBXFileReference; fileEncoding = 4; lastKnownFileType = sourcecode.swift; path = BoardViewModel.swift; sourceTree = "<group>"; };
		567300C32B6D03A6005D79F2 /* LetterBoardView.swift */ = {isa = PBXFileReference; lastKnownFileType = sourcecode.swift; path = LetterBoardView.swift; sourceTree = "<group>"; };
		567300C52B6D0452005D79F2 /* LetterCellView.swift */ = {isa = PBXFileReference; lastKnownFileType = sourcecode.swift; path = LetterCellView.swift; sourceTree = "<group>"; };
		567300C72B6D05A8005D79F2 /* GameModel.swift */ = {isa = PBXFileReference; lastKnownFileType = sourcecode.swift; path = GameModel.swift; sourceTree = "<group>"; };
		567300CA2B6D72F5005D79F2 /* TrieNode.swift */ = {isa = PBXFileReference; lastKnownFileType = sourcecode.swift; path = TrieNode.swift; sourceTree = "<group>"; };
		567300CC2B6D730E005D79F2 /* WordChecker.swift */ = {isa = PBXFileReference; lastKnownFileType = sourcecode.swift; path = WordChecker.swift; sourceTree = "<group>"; };
		567300CE2B6D7382005D79F2 /* french_trie_serialized.json */ = {isa = PBXFileReference; fileEncoding = 4; lastKnownFileType = text.json; path = french_trie_serialized.json; sourceTree = "<group>"; };
		567300D32B6DE07A005D79F2 /* GameView.swift */ = {isa = PBXFileReference; lastKnownFileType = sourcecode.swift; path = GameView.swift; sourceTree = "<group>"; };
		56A6DCEA2BBE0C6700E0A429 /* ProfileCardView.swift */ = {isa = PBXFileReference; lastKnownFileType = sourcecode.swift; path = ProfileCardView.swift; sourceTree = "<group>"; };
		56A6DCEC2BBE167E00E0A429 /* EditableProfileCardView.swift */ = {isa = PBXFileReference; lastKnownFileType = sourcecode.swift; path = EditableProfileCardView.swift; sourceTree = "<group>"; };
		56A6DCEE2BBE919D00E0A429 /* ProfileImageView.swift */ = {isa = PBXFileReference; lastKnownFileType = sourcecode.swift; path = ProfileImageView.swift; sourceTree = "<group>"; };
		56A6DCF02BBE925B00E0A429 /* ProfileImageEditingView.swift */ = {isa = PBXFileReference; lastKnownFileType = sourcecode.swift; path = ProfileImageEditingView.swift; sourceTree = "<group>"; };
		56A6DCF22BBF44C600E0A429 /* BannerView.swift */ = {isa = PBXFileReference; lastKnownFileType = sourcecode.swift; path = BannerView.swift; sourceTree = "<group>"; };
		56A6DCF52BBF453400E0A429 /* PortraitView.swift */ = {isa = PBXFileReference; lastKnownFileType = sourcecode.swift; path = PortraitView.swift; sourceTree = "<group>"; };
		56A6DCF82BBF464F00E0A429 /* TitleView.swift */ = {isa = PBXFileReference; lastKnownFileType = sourcecode.swift; path = TitleView.swift; sourceTree = "<group>"; };
		56A6DCFA2BBF497800E0A429 /* ifLet.swift */ = {isa = PBXFileReference; lastKnownFileType = sourcecode.swift; path = ifLet.swift; sourceTree = "<group>"; };
		56A6DCFC2BBF8E2500E0A429 /* RotatingCircleGradientStroke.swift */ = {isa = PBXFileReference; lastKnownFileType = sourcecode.swift; path = RotatingCircleGradientStroke.swift; sourceTree = "<group>"; };
		56A6DCFE2BBFA1CB00E0A429 /* BannerEditingView.swift */ = {isa = PBXFileReference; lastKnownFileType = sourcecode.swift; path = BannerEditingView.swift; sourceTree = "<group>"; };
		56A6DD002BBFA83B00E0A429 /* ProfileCardBackground.swift */ = {isa = PBXFileReference; lastKnownFileType = sourcecode.swift; path = ProfileCardBackground.swift; sourceTree = "<group>"; };
		56A6DD032BBFA9E500E0A429 /* PlayerNameView.swift */ = {isa = PBXFileReference; lastKnownFileType = sourcecode.swift; path = PlayerNameView.swift; sourceTree = "<group>"; };
		56A6DD062BBFAA7C00E0A429 /* EloRatingView.swift */ = {isa = PBXFileReference; lastKnownFileType = sourcecode.swift; path = EloRatingView.swift; sourceTree = "<group>"; };
		56A6DD092BBFAC9200E0A429 /* TitleEditingView.swift */ = {isa = PBXFileReference; lastKnownFileType = sourcecode.swift; path = TitleEditingView.swift; sourceTree = "<group>"; };
		56A6DD0B2BC0138C00E0A429 /* SelectionOverlayModifier.swift */ = {isa = PBXFileReference; lastKnownFileType = sourcecode.swift; path = SelectionOverlayModifier.swift; sourceTree = "<group>"; };
		56A6DD0D2BC0141C00E0A429 /* EditingScrollView.swift */ = {isa = PBXFileReference; lastKnownFileType = sourcecode.swift; path = EditingScrollView.swift; sourceTree = "<group>"; };
		56A6DD0F2BC0280700E0A429 /* DescriptionView.swift */ = {isa = PBXFileReference; lastKnownFileType = sourcecode.swift; path = DescriptionView.swift; sourceTree = "<group>"; };
		56A6DD112BC06E3400E0A429 /* FadeInModifier.swift */ = {isa = PBXFileReference; lastKnownFileType = sourcecode.swift; path = FadeInModifier.swift; sourceTree = "<group>"; };
		56A6DD132BC06F8200E0A429 /* BasicDissmiss.swift */ = {isa = PBXFileReference; lastKnownFileType = sourcecode.swift; path = BasicDissmiss.swift; sourceTree = "<group>"; };
		56A6DD1E2BC0FB3A00E0A429 /* iCloudService.swift */ = {isa = PBXFileReference; lastKnownFileType = sourcecode.swift; path = iCloudService.swift; sourceTree = "<group>"; };
		56A6DD202BC0FB8900E0A429 /* AchievementsProgression.swift */ = {isa = PBXFileReference; lastKnownFileType = sourcecode.swift; path = AchievementsProgression.swift; sourceTree = "<group>"; };
		56BCCC712BC3203E00A3C2F0 /* SearchService.swift */ = {isa = PBXFileReference; lastKnownFileType = sourcecode.swift; path = SearchService.swift; sourceTree = "<group>"; };
		56BCCC732BC32C5300A3C2F0 /* BattleOrchestrator.swift */ = {isa = PBXFileReference; lastKnownFileType = sourcecode.swift; path = BattleOrchestrator.swift; sourceTree = "<group>"; };
		56BCCC752BC335ED00A3C2F0 /* BattleService.swift */ = {isa = PBXFileReference; lastKnownFileType = sourcecode.swift; path = BattleService.swift; sourceTree = "<group>"; };
		56BCCC782BC3C2F100A3C2F0 /* PlayView.swift */ = {isa = PBXFileReference; lastKnownFileType = sourcecode.swift; path = PlayView.swift; sourceTree = "<group>"; };
		56BCCC7A2BC3C48600A3C2F0 /* BattleOrchestratorView.swift */ = {isa = PBXFileReference; lastKnownFileType = sourcecode.swift; path = BattleOrchestratorView.swift; sourceTree = "<group>"; };
		56BCCC7C2BC4192400A3C2F0 /* Profile.swift */ = {isa = PBXFileReference; lastKnownFileType = sourcecode.swift; path = Profile.swift; sourceTree = "<group>"; };
		56BCCC7E2BC4218B00A3C2F0 /* AchievementProgression.swift */ = {isa = PBXFileReference; lastKnownFileType = sourcecode.swift; path = AchievementProgression.swift; sourceTree = "<group>"; };
		56BCCC812BC42F7800A3C2F0 /* TaskQueueManager.swift */ = {isa = PBXFileReference; lastKnownFileType = sourcecode.swift; path = TaskQueueManager.swift; sourceTree = "<group>"; };
		56BCCC832BC432D100A3C2F0 /* ContentView.swift */ = {isa = PBXFileReference; lastKnownFileType = sourcecode.swift; path = ContentView.swift; sourceTree = "<group>"; };
		56BCCCD22BC5BA4400A3C2F0 /* DataService.swift */ = {isa = PBXFileReference; lastKnownFileType = sourcecode.swift; path = DataService.swift; sourceTree = "<group>"; };
		56BCCCD42BC5BA5F00A3C2F0 /* PausableTimer.swift */ = {isa = PBXFileReference; lastKnownFileType = sourcecode.swift; path = PausableTimer.swift; sourceTree = "<group>"; };
		56BCCCD62BC5BA7A00A3C2F0 /* AppDataService.swift */ = {isa = PBXFileReference; lastKnownFileType = sourcecode.swift; path = AppDataService.swift; sourceTree = "<group>"; };
		56BCCCD82BC5BA9D00A3C2F0 /* log.swift */ = {isa = PBXFileReference; lastKnownFileType = sourcecode.swift; path = log.swift; sourceTree = "<group>"; };
		56BCCCDA2BC5BCA200A3C2F0 /* LeaderboardService.swift */ = {isa = PBXFileReference; lastKnownFileType = sourcecode.swift; path = LeaderboardService.swift; sourceTree = "<group>"; };
		56BCCCDC2BC5C82F00A3C2F0 /* PPLocalService.swift */ = {isa = PBXFileReference; lastKnownFileType = sourcecode.swift; path = PPLocalService.swift; sourceTree = "<group>"; };
		56BCCCDE2BC5F8C000A3C2F0 /* LeaderboardRow.swift */ = {isa = PBXFileReference; lastKnownFileType = sourcecode.swift; path = LeaderboardRow.swift; sourceTree = "<group>"; };
		56BCCCE02BC5FAC600A3C2F0 /* LeaderboardRowLoading.swift */ = {isa = PBXFileReference; lastKnownFileType = sourcecode.swift; path = LeaderboardRowLoading.swift; sourceTree = "<group>"; };
		56BCCCE22BC633C800A3C2F0 /* VisibilityTrackingScrollView.swift */ = {isa = PBXFileReference; lastKnownFileType = sourcecode.swift; path = VisibilityTrackingScrollView.swift; sourceTree = "<group>"; };
		56BCCCE42BC64F8500A3C2F0 /* CardBackgroundModifier.swift */ = {isa = PBXFileReference; lastKnownFileType = sourcecode.swift; path = CardBackgroundModifier.swift; sourceTree = "<group>"; };
		56BCCCE62BC650AF00A3C2F0 /* AchievementRow.swift */ = {isa = PBXFileReference; lastKnownFileType = sourcecode.swift; path = AchievementRow.swift; sourceTree = "<group>"; };
		56BCCCEA2BC6FF8800A3C2F0 /* BlinkingEffectModifier.swift */ = {isa = PBXFileReference; lastKnownFileType = sourcecode.swift; path = BlinkingEffectModifier.swift; sourceTree = "<group>"; };
		56BCCCEC2BC7022500A3C2F0 /* AdaptiveForegroundStyleModifier.swift */ = {isa = PBXFileReference; lastKnownFileType = sourcecode.swift; path = AdaptiveForegroundStyleModifier.swift; sourceTree = "<group>"; };
		56BCCCEE2BC70C2700A3C2F0 /* NavigationBarColorModifier.swift */ = {isa = PBXFileReference; lastKnownFileType = sourcecode.swift; path = NavigationBarColorModifier.swift; sourceTree = "<group>"; };
		56BCCCF02BC72CC600A3C2F0 /* FriendListRow.swift */ = {isa = PBXFileReference; lastKnownFileType = sourcecode.swift; path = FriendListRow.swift; sourceTree = "<group>"; };
		56BCCCF22BC7503200A3C2F0 /* GameCenterView.swift */ = {isa = PBXFileReference; lastKnownFileType = sourcecode.swift; path = GameCenterView.swift; sourceTree = "<group>"; };
		56BCCCF42BC759F200A3C2F0 /* AchievementsService.swift */ = {isa = PBXFileReference; lastKnownFileType = sourcecode.swift; path = AchievementsService.swift; sourceTree = "<group>"; };
		56BCCCF62BC7641600A3C2F0 /* DataView.swift */ = {isa = PBXFileReference; lastKnownFileType = sourcecode.swift; path = DataView.swift; sourceTree = "<group>"; };
		56C1D0C62B84172E005D223F /* MatchmakingService.swift */ = {isa = PBXFileReference; lastKnownFileType = sourcecode.swift; path = MatchmakingService.swift; sourceTree = "<group>"; };
		56C1D0C82B85BDCD005D223F /* PlayerDefaultsManager.swift */ = {isa = PBXFileReference; lastKnownFileType = sourcecode.swift; path = PlayerDefaultsManager.swift; sourceTree = "<group>"; };
		56C1D0CA2B86B441005D223F /* ColorSchemeManager.swift */ = {isa = PBXFileReference; lastKnownFileType = sourcecode.swift; path = ColorSchemeManager.swift; sourceTree = "<group>"; };
		56D5F7512BC21D8F005FBFCD /* EloRatingService.swift */ = {isa = PBXFileReference; lastKnownFileType = sourcecode.swift; path = EloRatingService.swift; sourceTree = "<group>"; };
		56D5F7532BC2CB34005FBFCD /* MatchService.swift */ = {isa = PBXFileReference; lastKnownFileType = sourcecode.swift; path = MatchService.swift; sourceTree = "<group>"; };
		56D5F7552BC2CD47005FBFCD /* MatchView.swift */ = {isa = PBXFileReference; lastKnownFileType = sourcecode.swift; path = MatchView.swift; sourceTree = "<group>"; };
/* End PBXFileReference section */

/* Begin PBXFrameworksBuildPhase section */
		5652D5032B6814EA0071AE08 /* Frameworks */ = {
			isa = PBXFrameworksBuildPhase;
			buildActionMask = 2147483647;
			files = (
			);
			runOnlyForDeploymentPostprocessing = 0;
		};
		5652D5172B6814EC0071AE08 /* Frameworks */ = {
			isa = PBXFrameworksBuildPhase;
			buildActionMask = 2147483647;
			files = (
			);
			runOnlyForDeploymentPostprocessing = 0;
		};
		5652D5212B6814EC0071AE08 /* Frameworks */ = {
			isa = PBXFrameworksBuildPhase;
			buildActionMask = 2147483647;
			files = (
			);
			runOnlyForDeploymentPostprocessing = 0;
		};
/* End PBXFrameworksBuildPhase section */

/* Begin PBXGroup section */
		5615F7822BAFB13E00177A44 /* BlurOverlay */ = {
			isa = PBXGroup;
			children = (
				5615F7802BAFAB7400177A44 /* BlurredOverlayModifier.swift */,
				5615F7832BAFB15C00177A44 /* NucleusView.swift */,
				5615F7872BAFC53A00177A44 /* AnimationManager.swift */,
				5615F7892BAFE0F500177A44 /* StarryNightView.swift */,
			);
			path = BlurOverlay;
			sourceTree = "<group>";
		};
		5615F7912BB2F95000177A44 /* CloudKit */ = {
			isa = PBXGroup;
			children = (
				5615F7942BB2FA5800177A44 /* PublicDatabase.swift */,
				5615F79A2BB3086400177A44 /* CloudKitManager.swift */,
				5615F79D2BB4F3C700177A44 /* PublicProfile.swift */,
			);
			path = CloudKit;
			sourceTree = "<group>";
		};
		5615F79C2BB38E5800177A44 /* Achievement */ = {
			isa = PBXGroup;
			children = (
				5624EE5E2BB7085300F6980A /* AchievementModel.swift */,
				5624EE722BB8C21E00F6980A /* AchievementStore.swift */,
				5624EE742BB8C2C900F6980A /* AchievementManager.swift */,
				56A6DD202BC0FB8900E0A429 /* AchievementsProgression.swift */,
			);
			path = Achievement;
			sourceTree = "<group>";
		};
		5624EE622BB8551B00F6980A /* AchievementView */ = {
			isa = PBXGroup;
			children = (
				5624EE632BB8553200F6980A /* AchievementsView.swift */,
				56BCCCE62BC650AF00A3C2F0 /* AchievementRow.swift */,
			);
			path = AchievementView;
			sourceTree = "<group>";
		};
		5624EE672BB87FBC00F6980A /* ContentRepository */ = {
			isa = PBXGroup;
			children = (
				5624EE652BB864C000F6980A /* ContentRepository.swift */,
			);
			path = ContentRepository;
			sourceTree = "<group>";
		};
		5624EE682BB87FCE00F6980A /* EventSystem */ = {
			isa = PBXGroup;
			children = (
				5624EE602BB8364600F6980A /* EventSystem.swift */,
			);
			path = EventSystem;
			sourceTree = "<group>";
		};
		5624EE692BB87FEA00F6980A /* network */ = {
			isa = PBXGroup;
			children = (
				5624EE6A2BB87FFD00F6980A /* WebSocket */,
				5652D5402B68E7800071AE08 /* NetworkUtility.swift */,
				56BCCC812BC42F7800A3C2F0 /* TaskQueueManager.swift */,
			);
			path = network;
			sourceTree = "<group>";
		};
		5624EE6A2BB87FFD00F6980A /* WebSocket */ = {
			isa = PBXGroup;
			children = (
				56466F812BAC89480008C985 /* WebSocketManager.swift */,
				56466F832BAC8A260008C985 /* WebSocketService.swift */,
			);
			path = WebSocket;
			sourceTree = "<group>";
		};
		5624EE7A2BBB717700F6980A /* SwiftData */ = {
			isa = PBXGroup;
			children = (
				56BCCC802BC4229600A3C2F0 /* Models */,
				5615F7A12BB4FB9700177A44 /* PreviewSampleData.swift */,
				5615F79F2BB4FB4100177A44 /* ModelContainerPreview.swift */,
				5624EE762BB9DF6600F6980A /* SwiftDataSource.swift */,
				5624EE7B2BBB718A00F6980A /* SwiftDataService.swift */,
			);
			path = SwiftData;
			sourceTree = "<group>";
		};
		5624EE7F2BBB89A000F6980A /* icloud */ = {
			isa = PBXGroup;
			children = (
				5624EE7A2BBB717700F6980A /* SwiftData */,
				5615F7912BB2F95000177A44 /* CloudKit */,
				56A6DD1E2BC0FB3A00E0A429 /* iCloudService.swift */,
			);
			path = icloud;
			sourceTree = "<group>";
		};
		564549502B9216E3002A289C /* Battle */ = {
			isa = PBXGroup;
			children = (
				567172F72B6EB63F0009607D /* MatchView */,
				56466F922BAF03C30008C985 /* SearchView */,
				56BCCC7A2BC3C48600A3C2F0 /* BattleOrchestratorView.swift */,
			);
			path = Battle;
			sourceTree = "<group>";
		};
		56466F872BAEFAA60008C985 /* GameResultsView */ = {
			isa = PBXGroup;
			children = (
				56466F782BAB33890008C985 /* GameResultsView.swift */,
				56466F882BAEFAC10008C985 /* OutcomeView.swift */,
				56466F8A2BAEFB710008C985 /* PlayerScoresView.swift */,
				56466F8C2BAEFBD10008C985 /* WordHistoryTimelineView.swift */,
				56466F8E2BAEFBF20008C985 /* CompleteWordListView.swift */,
				5615F78D2BB12E9800177A44 /* RankUpdateView.swift */,
			);
			path = GameResultsView;
			sourceTree = "<group>";
		};
		56466F922BAF03C30008C985 /* SearchView */ = {
			isa = PBXGroup;
			children = (
				56466F6E2BAB31B20008C985 /* SearchingView.swift */,
				565E14FA2B87269F00AD7292 /* SearchAnimation */,
			);
			path = SearchView;
			sourceTree = "<group>";
		};
		5652D4FD2B6814EA0071AE08 = {
			isa = PBXGroup;
			children = (
				5652D5082B6814EA0071AE08 /* Word Rivalry */,
				5652D51D2B6814EC0071AE08 /* Word RivalryTests */,
				5652D5272B6814EC0071AE08 /* Word RivalryUITests */,
				5652D5072B6814EA0071AE08 /* Products */,
			);
			sourceTree = "<group>";
		};
		5652D5072B6814EA0071AE08 /* Products */ = {
			isa = PBXGroup;
			children = (
				5652D5062B6814EA0071AE08 /* Word Rivalry.app */,
				5652D51A2B6814EC0071AE08 /* Word RivalryTests.xctest */,
				5652D5242B6814EC0071AE08 /* Word RivalryUITests.xctest */,
			);
			name = Products;
			sourceTree = "<group>";
		};
		5652D5082B6814EA0071AE08 /* Word Rivalry */ = {
			isa = PBXGroup;
			children = (
				567300CE2B6D7382005D79F2 /* french_trie_serialized.json */,
				566F14D62B6CE7360069F06D /* extension */,
				566F14B22B6A292C0069F06D /* App */,
				566F14B02B6A26330069F06D /* Music */,
				5652D5382B68DC8B0071AE08 /* services */,
				5652D5372B68DC820071AE08 /* core */,
				5652D50F2B6814EC0071AE08 /* Assets.xcassets */,
				5652D5112B6814EC0071AE08 /* Word_Rivalry.entitlements */,
				5652D5152B6814EC0071AE08 /* Info.plist */,
				5652D5122B6814EC0071AE08 /* Preview Content */,
			);
			path = "Word Rivalry";
			sourceTree = "<group>";
		};
		5652D5122B6814EC0071AE08 /* Preview Content */ = {
			isa = PBXGroup;
			children = (
				5652D5132B6814EC0071AE08 /* Preview Assets.xcassets */,
			);
			path = "Preview Content";
			sourceTree = "<group>";
		};
		5652D51D2B6814EC0071AE08 /* Word RivalryTests */ = {
			isa = PBXGroup;
			children = (
				5652D51E2B6814EC0071AE08 /* Word_RivalryTests.swift */,
			);
			path = "Word RivalryTests";
			sourceTree = "<group>";
		};
		5652D5272B6814EC0071AE08 /* Word RivalryUITests */ = {
			isa = PBXGroup;
			children = (
				5652D5282B6814EC0071AE08 /* Word_RivalryUITests.swift */,
				5652D52A2B6814EC0071AE08 /* Word_RivalryUITestsLaunchTests.swift */,
			);
			path = "Word RivalryUITests";
			sourceTree = "<group>";
		};
		5652D5372B68DC820071AE08 /* core */ = {
			isa = PBXGroup;
			children = (
				56A6DD1B2BC0800800E0A429 /* Settings */,
				567300B72B6CFF57005D79F2 /* component */,
				566F14C22B6C4C190069F06D /* Play */,
				566F14C12B6C4C0C0069F06D /* Home */,
				566F14BE2B6C4ABC0069F06D /* Navigation */,
			);
			path = core;
			sourceTree = "<group>";
		};
		5652D5382B68DC8B0071AE08 /* services */ = {
			isa = PBXGroup;
			children = (
				56BCCCD12BC5BA3400A3C2F0 /* Data */,
				5654A01A2BC17CEC001CF6BE /* launch */,
				5624EE7F2BBB89A000F6980A /* icloud */,
				5624EE692BB87FEA00F6980A /* network */,
				5624EE682BB87FCE00F6980A /* EventSystem */,
				5624EE672BB87FBC00F6980A /* ContentRepository */,
				5615F79C2BB38E5800177A44 /* Achievement */,
				567173032B70CB9F0009607D /* match */,
				567300C92B6D72CE005D79F2 /* wordChecker */,
				566F148D2B6A212E0069F06D /* Audio */,
				566F147B2B6A06160069F06D /* Profile */,
				566F14AD2B6A22CF0069F06D /* ThemeService.swift */,
				56C1D0CA2B86B441005D223F /* ColorSchemeManager.swift */,
			);
			path = services;
			sourceTree = "<group>";
		};
		5654A01A2BC17CEC001CF6BE /* launch */ = {
			isa = PBXGroup;
			children = (
				5654A01B2BC17E88001CF6BE /* LaunchService.swift */,
			);
			path = launch;
			sourceTree = "<group>";
		};
		565E14FA2B87269F00AD7292 /* SearchAnimation */ = {
			isa = PBXGroup;
			children = (
				565E14FB2B8726B500AD7292 /* AnimatedCirclesViewModel.swift */,
				565E14FD2B8726D000AD7292 /* AnimatedCirclesView.swift */,
				56466F742BAB33020008C985 /* AnimatedLinesView.swift */,
				56466F762BAB33270008C985 /* PulsatingCircleView.swift */,
			);
			path = SearchAnimation;
			sourceTree = "<group>";
		};
		566F147B2B6A06160069F06D /* Profile */ = {
			isa = PBXGroup;
			children = (
				566F147C2B6A063A0069F06D /* ProfileRecord.swift */,
				56C1D0C82B85BDCD005D223F /* PlayerDefaultsManager.swift */,
			);
			path = Profile;
			sourceTree = "<group>";
		};
		566F148D2B6A212E0069F06D /* Audio */ = {
			isa = PBXGroup;
			children = (
				566F148E2B6A21360069F06D /* AudioLoaderService.swift */,
				566F14942B6A21370069F06D /* AudioPlayable.swift */,
				566F14992B6A21370069F06D /* AudioService.swift */,
				566F14902B6A21360069F06D /* AudioSessionService.swift */,
				566F14912B6A21360069F06D /* MusicLibrary.swift */,
				566F148F2B6A21360069F06D /* MusicManager.swift */,
				566F14932B6A21370069F06D /* MusicPlayer.swift */,
				566F14972B6A21370069F06D /* Playlist.swift */,
				566F14922B6A21370069F06D /* Song.swift */,
				566F14952B6A21370069F06D /* SoundEffect.swift */,
				566F14962B6A21370069F06D /* SoundEffectManageable.swift */,
				566F14982B6A21370069F06D /* SoundEffectsManager.swift */,
			);
			path = Audio;
			sourceTree = "<group>";
		};
		566F14B22B6A292C0069F06D /* App */ = {
			isa = PBXGroup;
			children = (
				5652D5092B6814EA0071AE08 /* Word_RivalryApp.swift */,
				5652D50B2B6814EA0071AE08 /* ScreenView.swift */,
				566F14852B6A1F590069F06D /* IntroView.swift */,
				566F14872B6A207F0069F06D /* AppService.swift */,
				566F14892B6A20C00069F06D /* ServiceLocator.swift */,
				5624EE802BBC603E00F6980A /* AchievementNotificationView.swift */,
				5654A01D2BC19C34001CF6BE /* ServiceProtocol.swift */,
				56BCCC832BC432D100A3C2F0 /* ContentView.swift */,
			);
			path = App;
			sourceTree = "<group>";
		};
		566F14BE2B6C4ABC0069F06D /* Navigation */ = {
			isa = PBXGroup;
			children = (
				566F14BF2B6C4AEA0069F06D /* AppScreen.swift */,
				566F14C82B6C50890069F06D /* AppTabView.swift */,
			);
			path = Navigation;
			sourceTree = "<group>";
		};
		566F14C12B6C4C0C0069F06D /* Home */ = {
			isa = PBXGroup;
			children = (
				56A6DD1A2BC07FDA00E0A429 /* Friendlist */,
				56A6DD192BC07FCF00E0A429 /* Statistics */,
				56A6DD172BC07FC000E0A429 /* Leaderboard */,
				56A6DCE92BBE0C0200E0A429 /* Profile */,
				5624EE622BB8551B00F6980A /* AchievementView */,
				566F14C42B6C4C610069F06D /* HomeNavigationStack.swift */,
			);
			path = Home;
			sourceTree = "<group>";
		};
		566F14C22B6C4C190069F06D /* Play */ = {
			isa = PBXGroup;
			children = (
				56BCCC772BC3C2E100A3C2F0 /* Games */,
				56BCCC732BC32C5300A3C2F0 /* BattleOrchestrator.swift */,
				566F14C62B6C4C720069F06D /* PlayNavigationStack.swift */,
				564549502B9216E3002A289C /* Battle */,
			);
			path = Play;
			sourceTree = "<group>";
		};
		566F14D62B6CE7360069F06D /* extension */ = {
			isa = PBXGroup;
			children = (
				566F14D72B6CE7460069F06D /* GlassModifier.swift */,
				5615F78B2BB11BF800177A44 /* OnAppearAnimate.swift */,
				56A6DCFA2BBF497800E0A429 /* ifLet.swift */,
				56A6DD0B2BC0138C00E0A429 /* SelectionOverlayModifier.swift */,
				56A6DD112BC06E3400E0A429 /* FadeInModifier.swift */,
				56BCCCD82BC5BA9D00A3C2F0 /* log.swift */,
				56BCCCEA2BC6FF8800A3C2F0 /* BlinkingEffectModifier.swift */,
				56BCCCEC2BC7022500A3C2F0 /* AdaptiveForegroundStyleModifier.swift */,
				56BCCCEE2BC70C2700A3C2F0 /* NavigationBarColorModifier.swift */,
			);
			path = extension;
			sourceTree = "<group>";
		};
		567172F72B6EB63F0009607D /* MatchView */ = {
			isa = PBXGroup;
			children = (
				56D5F7532BC2CB34005FBFCD /* MatchService.swift */,
				56D5F7552BC2CD47005FBFCD /* MatchView.swift */,
				56466F872BAEFAA60008C985 /* GameResultsView */,
				567300D02B6D7765005D79F2 /* GameView */,
				56466F722BAB328B0008C985 /* CountdownOverlayView.swift */,
			);
			path = MatchView;
			sourceTree = "<group>";
		};
		567173032B70CB9F0009607D /* match */ = {
			isa = PBXGroup;
			children = (
				567173042B70CBAE0009607D /* BattleServerService.swift */,
				56BCCC712BC3203E00A3C2F0 /* SearchService.swift */,
				56C1D0C62B84172E005D223F /* MatchmakingService.swift */,
				56D5F7512BC21D8F005FBFCD /* EloRatingService.swift */,
				56BCCC752BC335ED00A3C2F0 /* BattleService.swift */,
			);
			path = match;
			sourceTree = "<group>";
		};
		567300B72B6CFF57005D79F2 /* component */ = {
			isa = PBXGroup;
			children = (
				5615F7822BAFB13E00177A44 /* BlurOverlay */,
				567300BC2B6D01F3005D79F2 /* Board */,
				566F14CC2B6CD7560069F06D /* BasicNavButton.swift */,
				565E14F82B8720B400AD7292 /* BasicButton.swift */,
				56A6DCFC2BBF8E2500E0A429 /* RotatingCircleGradientStroke.swift */,
				56A6DD132BC06F8200E0A429 /* BasicDissmiss.swift */,
				56BCCCE42BC64F8500A3C2F0 /* CardBackgroundModifier.swift */,
				56BCCCF22BC7503200A3C2F0 /* GameCenterView.swift */,
				56BCCCF62BC7641600A3C2F0 /* DataView.swift */,
			);
			path = component;
			sourceTree = "<group>";
		};
		567300BC2B6D01F3005D79F2 /* Board */ = {
			isa = PBXGroup;
			children = (
				567300BD2B6D01F3005D79F2 /* Board.swift */,
				567300BE2B6D01F3005D79F2 /* BoardView.swift */,
				567300BF2B6D01F3005D79F2 /* BoardViewModel.swift */,
			);
			path = Board;
			sourceTree = "<group>";
		};
		567300C92B6D72CE005D79F2 /* wordChecker */ = {
			isa = PBXGroup;
			children = (
				567300CA2B6D72F5005D79F2 /* TrieNode.swift */,
				567300CC2B6D730E005D79F2 /* WordChecker.swift */,
			);
			path = wordChecker;
			sourceTree = "<group>";
		};
		567300D02B6D7765005D79F2 /* GameView */ = {
			isa = PBXGroup;
			children = (
				567300C52B6D0452005D79F2 /* LetterCellView.swift */,
				567300C32B6D03A6005D79F2 /* LetterBoardView.swift */,
				567300C72B6D05A8005D79F2 /* GameModel.swift */,
				567300D32B6DE07A005D79F2 /* GameView.swift */,
			);
			path = GameView;
			sourceTree = "<group>";
		};
		56A6DCE92BBE0C0200E0A429 /* Profile */ = {
			isa = PBXGroup;
			children = (
				56A6DD082BBFAC7C00E0A429 /* Editables */,
				56A6DD052BBFAA6800E0A429 /* EloRating */,
				56A6DD022BBFA9D200E0A429 /* PlayerName */,
				56A6DCF72BBF462C00E0A429 /* Title */,
				56A6DCF42BBF451200E0A429 /* Portrait */,
				56A6DCEA2BBE0C6700E0A429 /* ProfileCardView.swift */,
				56A6DCEC2BBE167E00E0A429 /* EditableProfileCardView.swift */,
				56A6DD002BBFA83B00E0A429 /* ProfileCardBackground.swift */,
			);
			path = Profile;
			sourceTree = "<group>";
		};
		56A6DCF42BBF451200E0A429 /* Portrait */ = {
			isa = PBXGroup;
			children = (
				56A6DCF52BBF453400E0A429 /* PortraitView.swift */,
				56A6DCEE2BBE919D00E0A429 /* ProfileImageView.swift */,
				56A6DCF22BBF44C600E0A429 /* BannerView.swift */,
			);
			path = Portrait;
			sourceTree = "<group>";
		};
		56A6DCF72BBF462C00E0A429 /* Title */ = {
			isa = PBXGroup;
			children = (
				56A6DCF82BBF464F00E0A429 /* TitleView.swift */,
			);
			path = Title;
			sourceTree = "<group>";
		};
		56A6DD022BBFA9D200E0A429 /* PlayerName */ = {
			isa = PBXGroup;
			children = (
				56A6DD032BBFA9E500E0A429 /* PlayerNameView.swift */,
			);
			path = PlayerName;
			sourceTree = "<group>";
		};
		56A6DD052BBFAA6800E0A429 /* EloRating */ = {
			isa = PBXGroup;
			children = (
				56A6DD062BBFAA7C00E0A429 /* EloRatingView.swift */,
			);
			path = EloRating;
			sourceTree = "<group>";
		};
		56A6DD082BBFAC7C00E0A429 /* Editables */ = {
			isa = PBXGroup;
			children = (
				56A6DD0D2BC0141C00E0A429 /* EditingScrollView.swift */,
				56A6DCF02BBE925B00E0A429 /* ProfileImageEditingView.swift */,
				56A6DCFE2BBFA1CB00E0A429 /* BannerEditingView.swift */,
				56A6DD092BBFAC9200E0A429 /* TitleEditingView.swift */,
				56A6DD0F2BC0280700E0A429 /* DescriptionView.swift */,
				5654A0212BC1C525001CF6BE /* PlayerNameEditingView.swift */,
			);
			path = Editables;
			sourceTree = "<group>";
		};
		56A6DD172BC07FC000E0A429 /* Leaderboard */ = {
			isa = PBXGroup;
			children = (
				566F14CA2B6CD6570069F06D /* LeaderboardView.swift */,
				56BCCCDE2BC5F8C000A3C2F0 /* LeaderboardRow.swift */,
				56BCCCE02BC5FAC600A3C2F0 /* LeaderboardRowLoading.swift */,
				56BCCCE22BC633C800A3C2F0 /* VisibilityTrackingScrollView.swift */,
			);
			path = Leaderboard;
			sourceTree = "<group>";
		};
		56A6DD192BC07FCF00E0A429 /* Statistics */ = {
			isa = PBXGroup;
			children = (
				566F14CE2B6CD7B70069F06D /* StatisticsView.swift */,
			);
			path = Statistics;
			sourceTree = "<group>";
		};
		56A6DD1A2BC07FDA00E0A429 /* Friendlist */ = {
			isa = PBXGroup;
			children = (
				566F14D02B6CD97B0069F06D /* FriendsListView.swift */,
				56BCCCF02BC72CC600A3C2F0 /* FriendListRow.swift */,
			);
			path = Friendlist;
			sourceTree = "<group>";
		};
		56A6DD1B2BC0800800E0A429 /* Settings */ = {
			isa = PBXGroup;
			children = (
				566F14B82B6C00200069F06D /* SettingsView.swift */,
			);
			path = Settings;
			sourceTree = "<group>";
		};
		56BCCC772BC3C2E100A3C2F0 /* Games */ = {
			isa = PBXGroup;
			children = (
				5645495D2B923955002A289C /* GameTournamentView.swift */,
				564549542B92195C002A289C /* GameCardView.swift */,
				56BCCC782BC3C2F100A3C2F0 /* PlayView.swift */,
			);
			path = Games;
			sourceTree = "<group>";
		};
		56BCCC802BC4229600A3C2F0 /* Models */ = {
			isa = PBXGroup;
			children = (
				5654A01F2BC1B1E8001CF6BE /* Friend.swift */,
				56BCCC7E2BC4218B00A3C2F0 /* AchievementProgression.swift */,
				56BCCC7C2BC4192400A3C2F0 /* Profile.swift */,
			);
			path = Models;
			sourceTree = "<group>";
		};
		56BCCCD12BC5BA3400A3C2F0 /* Data */ = {
			isa = PBXGroup;
			children = (
				56BCCCD22BC5BA4400A3C2F0 /* DataService.swift */,
				56BCCCD42BC5BA5F00A3C2F0 /* PausableTimer.swift */,
				56BCCCD62BC5BA7A00A3C2F0 /* AppDataService.swift */,
				56BCCCDA2BC5BCA200A3C2F0 /* LeaderboardService.swift */,
				56BCCCDC2BC5C82F00A3C2F0 /* PPLocalService.swift */,
				56BCCCF42BC759F200A3C2F0 /* AchievementsService.swift */,
			);
			path = Data;
			sourceTree = "<group>";
		};
/* End PBXGroup section */

/* Begin PBXNativeTarget section */
		5652D5052B6814EA0071AE08 /* Word Rivalry */ = {
			isa = PBXNativeTarget;
			buildConfigurationList = 5652D52E2B6814EC0071AE08 /* Build configuration list for PBXNativeTarget "Word Rivalry" */;
			buildPhases = (
				5652D5022B6814EA0071AE08 /* Sources */,
				5652D5032B6814EA0071AE08 /* Frameworks */,
				5652D5042B6814EA0071AE08 /* Resources */,
			);
			buildRules = (
			);
			dependencies = (
			);
			name = "Word Rivalry";
			productName = "Word Rivalry";
			productReference = 5652D5062B6814EA0071AE08 /* Word Rivalry.app */;
			productType = "com.apple.product-type.application";
		};
		5652D5192B6814EC0071AE08 /* Word RivalryTests */ = {
			isa = PBXNativeTarget;
			buildConfigurationList = 5652D5312B6814EC0071AE08 /* Build configuration list for PBXNativeTarget "Word RivalryTests" */;
			buildPhases = (
				5652D5162B6814EC0071AE08 /* Sources */,
				5652D5172B6814EC0071AE08 /* Frameworks */,
				5652D5182B6814EC0071AE08 /* Resources */,
			);
			buildRules = (
			);
			dependencies = (
				5652D51C2B6814EC0071AE08 /* PBXTargetDependency */,
			);
			name = "Word RivalryTests";
			productName = "Word RivalryTests";
			productReference = 5652D51A2B6814EC0071AE08 /* Word RivalryTests.xctest */;
			productType = "com.apple.product-type.bundle.unit-test";
		};
		5652D5232B6814EC0071AE08 /* Word RivalryUITests */ = {
			isa = PBXNativeTarget;
			buildConfigurationList = 5652D5342B6814EC0071AE08 /* Build configuration list for PBXNativeTarget "Word RivalryUITests" */;
			buildPhases = (
				5652D5202B6814EC0071AE08 /* Sources */,
				5652D5212B6814EC0071AE08 /* Frameworks */,
				5652D5222B6814EC0071AE08 /* Resources */,
			);
			buildRules = (
			);
			dependencies = (
				5652D5262B6814EC0071AE08 /* PBXTargetDependency */,
			);
			name = "Word RivalryUITests";
			productName = "Word RivalryUITests";
			productReference = 5652D5242B6814EC0071AE08 /* Word RivalryUITests.xctest */;
			productType = "com.apple.product-type.bundle.ui-testing";
		};
/* End PBXNativeTarget section */

/* Begin PBXProject section */
		5652D4FE2B6814EA0071AE08 /* Project object */ = {
			isa = PBXProject;
			attributes = {
				BuildIndependentTargetsInParallel = 1;
				LastSwiftUpdateCheck = 1520;
				LastUpgradeCheck = 1520;
				TargetAttributes = {
					5652D5052B6814EA0071AE08 = {
						CreatedOnToolsVersion = 15.2;
					};
					5652D5192B6814EC0071AE08 = {
						CreatedOnToolsVersion = 15.2;
						TestTargetID = 5652D5052B6814EA0071AE08;
					};
					5652D5232B6814EC0071AE08 = {
						CreatedOnToolsVersion = 15.2;
						TestTargetID = 5652D5052B6814EA0071AE08;
					};
				};
			};
			buildConfigurationList = 5652D5012B6814EA0071AE08 /* Build configuration list for PBXProject "Word Rivalry" */;
			compatibilityVersion = "Xcode 14.0";
			developmentRegion = en;
			hasScannedForEncodings = 0;
			knownRegions = (
				en,
				Base,
			);
			mainGroup = 5652D4FD2B6814EA0071AE08;
			productRefGroup = 5652D5072B6814EA0071AE08 /* Products */;
			projectDirPath = "";
			projectRoot = "";
			targets = (
				5652D5052B6814EA0071AE08 /* Word Rivalry */,
				5652D5192B6814EC0071AE08 /* Word RivalryTests */,
				5652D5232B6814EC0071AE08 /* Word RivalryUITests */,
			);
		};
/* End PBXProject section */

/* Begin PBXResourcesBuildPhase section */
		5652D5042B6814EA0071AE08 /* Resources */ = {
			isa = PBXResourcesBuildPhase;
			buildActionMask = 2147483647;
			files = (
				566F14B12B6A26340069F06D /* Music in Resources */,
				5652D5142B6814EC0071AE08 /* Preview Assets.xcassets in Resources */,
				5652D5102B6814EC0071AE08 /* Assets.xcassets in Resources */,
				567300CF2B6D7382005D79F2 /* french_trie_serialized.json in Resources */,
			);
			runOnlyForDeploymentPostprocessing = 0;
		};
		5652D5182B6814EC0071AE08 /* Resources */ = {
			isa = PBXResourcesBuildPhase;
			buildActionMask = 2147483647;
			files = (
			);
			runOnlyForDeploymentPostprocessing = 0;
		};
		5652D5222B6814EC0071AE08 /* Resources */ = {
			isa = PBXResourcesBuildPhase;
			buildActionMask = 2147483647;
			files = (
			);
			runOnlyForDeploymentPostprocessing = 0;
		};
/* End PBXResourcesBuildPhase section */

/* Begin PBXSourcesBuildPhase section */
		5652D5022B6814EA0071AE08 /* Sources */ = {
			isa = PBXSourcesBuildPhase;
			buildActionMask = 2147483647;
			files = (
				5624EE7C2BBB718A00F6980A /* SwiftDataService.swift in Sources */,
				56D5F7562BC2CD47005FBFCD /* MatchView.swift in Sources */,
				56BCCC792BC3C2F100A3C2F0 /* PlayView.swift in Sources */,
				56BCCCE72BC650AF00A3C2F0 /* AchievementRow.swift in Sources */,
				566F14CB2B6CD6570069F06D /* LeaderboardView.swift in Sources */,
				564549552B92195C002A289C /* GameCardView.swift in Sources */,
				567173052B70CBAE0009607D /* BattleServerService.swift in Sources */,
				5654A01C2BC17E88001CF6BE /* LaunchService.swift in Sources */,
				566F14A22B6A21370069F06D /* SoundEffectManageable.swift in Sources */,
				56C1D0C72B84172E005D223F /* MatchmakingService.swift in Sources */,
				56A6DD1F2BC0FB3A00E0A429 /* iCloudService.swift in Sources */,
				5652D5412B68E7800071AE08 /* NetworkUtility.swift in Sources */,
				566F14A52B6A21370069F06D /* AudioService.swift in Sources */,
				5615F7812BAFAB7400177A44 /* BlurredOverlayModifier.swift in Sources */,
				56466F6F2BAB31B20008C985 /* SearchingView.swift in Sources */,
				566F14A42B6A21370069F06D /* SoundEffectsManager.swift in Sources */,
				567300C82B6D05A8005D79F2 /* GameModel.swift in Sources */,
				56BCCC822BC42F7800A3C2F0 /* TaskQueueManager.swift in Sources */,
				56BCCCDB2BC5BCA200A3C2F0 /* LeaderboardService.swift in Sources */,
				5654A01E2BC19C34001CF6BE /* ServiceProtocol.swift in Sources */,
				56A6DCFD2BBF8E2500E0A429 /* RotatingCircleGradientStroke.swift in Sources */,
				5624EE732BB8C21E00F6980A /* AchievementStore.swift in Sources */,
				56A6DD0C2BC0138C00E0A429 /* SelectionOverlayModifier.swift in Sources */,
				566F149D2B6A21370069F06D /* MusicLibrary.swift in Sources */,
				56BCCC742BC32C5400A3C2F0 /* BattleOrchestrator.swift in Sources */,
				5624EE612BB8364600F6980A /* EventSystem.swift in Sources */,
				565E14FE2B8726D000AD7292 /* AnimatedCirclesView.swift in Sources */,
				56BCCCD52BC5BA5F00A3C2F0 /* PausableTimer.swift in Sources */,
				56D5F7522BC21D8F005FBFCD /* EloRatingService.swift in Sources */,
				56BCCCDD2BC5C82F00A3C2F0 /* PPLocalService.swift in Sources */,
				56BCCCD72BC5BA7A00A3C2F0 /* AppDataService.swift in Sources */,
				566F149C2B6A21370069F06D /* AudioSessionService.swift in Sources */,
				56A6DCF62BBF453400E0A429 /* PortraitView.swift in Sources */,
				56BCCCF32BC7503200A3C2F0 /* GameCenterView.swift in Sources */,
				56BCCCEB2BC6FF8800A3C2F0 /* BlinkingEffectModifier.swift in Sources */,
				5615F7A02BB4FB4100177A44 /* ModelContainerPreview.swift in Sources */,
				566F148A2B6A20C00069F06D /* ServiceLocator.swift in Sources */,
				566F14C72B6C4C720069F06D /* PlayNavigationStack.swift in Sources */,
				566F14CF2B6CD7B70069F06D /* StatisticsView.swift in Sources */,
				56A6DCF92BBF464F00E0A429 /* TitleView.swift in Sources */,
				566F14D82B6CE7460069F06D /* GlassModifier.swift in Sources */,
				5624EE662BB864C000F6980A /* ContentRepository.swift in Sources */,
				56BCCCF12BC72CC600A3C2F0 /* FriendListRow.swift in Sources */,
				5615F7882BAFC53A00177A44 /* AnimationManager.swift in Sources */,
				5624EE642BB8553200F6980A /* AchievementsView.swift in Sources */,
				56A6DD012BBFA83B00E0A429 /* ProfileCardBackground.swift in Sources */,
				5654A0202BC1B1E8001CF6BE /* Friend.swift in Sources */,
				5652D50C2B6814EA0071AE08 /* ScreenView.swift in Sources */,
				566F149F2B6A21370069F06D /* MusicPlayer.swift in Sources */,
				56BCCCD32BC5BA4400A3C2F0 /* DataService.swift in Sources */,
				56BCCCE52BC64F8500A3C2F0 /* CardBackgroundModifier.swift in Sources */,
				56A6DCF12BBE925B00E0A429 /* ProfileImageEditingView.swift in Sources */,
				56BCCCEF2BC70C2700A3C2F0 /* NavigationBarColorModifier.swift in Sources */,
				56466F842BAC8A260008C985 /* WebSocketService.swift in Sources */,
				5615F79B2BB3086400177A44 /* CloudKitManager.swift in Sources */,
				56A6DD072BBFAA7C00E0A429 /* EloRatingView.swift in Sources */,
				566F14C02B6C4AEA0069F06D /* AppScreen.swift in Sources */,
				5652D50A2B6814EA0071AE08 /* Word_RivalryApp.swift in Sources */,
				56466F822BAC89480008C985 /* WebSocketManager.swift in Sources */,
				56BCCCDF2BC5F8C000A3C2F0 /* LeaderboardRow.swift in Sources */,
				56A6DCF32BBF44C600E0A429 /* BannerView.swift in Sources */,
				56BCCC722BC3203E00A3C2F0 /* SearchService.swift in Sources */,
				566F149B2B6A21370069F06D /* MusicManager.swift in Sources */,
				56466F752BAB33020008C985 /* AnimatedLinesView.swift in Sources */,
				56C1D0C92B85BDCD005D223F /* PlayerDefaultsManager.swift in Sources */,
				566F14CD2B6CD7560069F06D /* BasicNavButton.swift in Sources */,
				5624EE812BBC603E00F6980A /* AchievementNotificationView.swift in Sources */,
				56466F8B2BAEFB710008C985 /* PlayerScoresView.swift in Sources */,
				567300C22B6D01F3005D79F2 /* BoardViewModel.swift in Sources */,
				565E14F92B8720B400AD7292 /* BasicButton.swift in Sources */,
				56BCCCF72BC7641600A3C2F0 /* DataView.swift in Sources */,
				566F14882B6A207F0069F06D /* AppService.swift in Sources */,
				56A6DD212BC0FB8900E0A429 /* AchievementsProgression.swift in Sources */,
				566F14862B6A1F590069F06D /* IntroView.swift in Sources */,
				5624EE772BB9DF6600F6980A /* SwiftDataSource.swift in Sources */,
				56A6DD0E2BC0141C00E0A429 /* EditingScrollView.swift in Sources */,
				56D5F7542BC2CB34005FBFCD /* MatchService.swift in Sources */,
				566F149E2B6A21370069F06D /* Song.swift in Sources */,
				56BCCC7B2BC3C48600A3C2F0 /* BattleOrchestratorView.swift in Sources */,
				56A6DD142BC06F8200E0A429 /* BasicDissmiss.swift in Sources */,
				566F14D12B6CD97B0069F06D /* FriendsListView.swift in Sources */,
				566F14AE2B6A22CF0069F06D /* ThemeService.swift in Sources */,
				56BCCC762BC335ED00A3C2F0 /* BattleService.swift in Sources */,
				566F14C52B6C4C610069F06D /* HomeNavigationStack.swift in Sources */,
				566F149A2B6A21370069F06D /* AudioLoaderService.swift in Sources */,
				5615F7842BAFB15C00177A44 /* NucleusView.swift in Sources */,
				56BCCCE32BC633C800A3C2F0 /* VisibilityTrackingScrollView.swift in Sources */,
				56BCCCD92BC5BA9D00A3C2F0 /* log.swift in Sources */,
				56BCCC7D2BC4192400A3C2F0 /* Profile.swift in Sources */,
				56A6DCEF2BBE919D00E0A429 /* ProfileImageView.swift in Sources */,
				565E14FC2B8726B500AD7292 /* AnimatedCirclesViewModel.swift in Sources */,
				56A6DD0A2BBFAC9200E0A429 /* TitleEditingView.swift in Sources */,
				56BCCC842BC432D100A3C2F0 /* ContentView.swift in Sources */,
				5615F79E2BB4F3C700177A44 /* PublicProfile.swift in Sources */,
				56466F8F2BAEFBF20008C985 /* CompleteWordListView.swift in Sources */,
				56BCCC7F2BC4218B00A3C2F0 /* AchievementProgression.swift in Sources */,
				56A6DCED2BBE167E00E0A429 /* EditableProfileCardView.swift in Sources */,
				566F14A32B6A21370069F06D /* Playlist.swift in Sources */,
				567300C42B6D03A6005D79F2 /* LetterBoardView.swift in Sources */,
				5615F78A2BAFE0F500177A44 /* StarryNightView.swift in Sources */,
				56A6DD122BC06E3400E0A429 /* FadeInModifier.swift in Sources */,
				56BCCCED2BC7022500A3C2F0 /* AdaptiveForegroundStyleModifier.swift in Sources */,
				56C1D0CB2B86B441005D223F /* ColorSchemeManager.swift in Sources */,
				5615F78E2BB12E9800177A44 /* RankUpdateView.swift in Sources */,
				567300CD2B6D730E005D79F2 /* WordChecker.swift in Sources */,
				5654A0222BC1C525001CF6BE /* PlayerNameEditingView.swift in Sources */,
				5615F78C2BB11BF800177A44 /* OnAppearAnimate.swift in Sources */,
				5624EE752BB8C2C900F6980A /* AchievementManager.swift in Sources */,
				567300C02B6D01F3005D79F2 /* Board.swift in Sources */,
				566F14A02B6A21370069F06D /* AudioPlayable.swift in Sources */,
				56BCCCE12BC5FAC600A3C2F0 /* LeaderboardRowLoading.swift in Sources */,
				5615F7A22BB4FB9700177A44 /* PreviewSampleData.swift in Sources */,
				5624EE5F2BB7085300F6980A /* AchievementModel.swift in Sources */,
				56466F772BAB33270008C985 /* PulsatingCircleView.swift in Sources */,
				56466F732BAB328B0008C985 /* CountdownOverlayView.swift in Sources */,
				567300CB2B6D72F5005D79F2 /* TrieNode.swift in Sources */,
				56A6DD042BBFA9E500E0A429 /* PlayerNameView.swift in Sources */,
				566F147D2B6A063B0069F06D /* ProfileRecord.swift in Sources */,
				566F14A12B6A21370069F06D /* SoundEffect.swift in Sources */,
				56466F8D2BAEFBD10008C985 /* WordHistoryTimelineView.swift in Sources */,
				56A6DCEB2BBE0C6700E0A429 /* ProfileCardView.swift in Sources */,
				566F14C92B6C50890069F06D /* AppTabView.swift in Sources */,
				56466F892BAEFAC10008C985 /* OutcomeView.swift in Sources */,
				567300C12B6D01F3005D79F2 /* BoardView.swift in Sources */,
				5645495E2B923955002A289C /* GameTournamentView.swift in Sources */,
				56A6DCFF2BBFA1CB00E0A429 /* BannerEditingView.swift in Sources */,
				567300C62B6D0452005D79F2 /* LetterCellView.swift in Sources */,
				56BCCCF52BC759F200A3C2F0 /* AchievementsService.swift in Sources */,
				56A6DD102BC0280700E0A429 /* DescriptionView.swift in Sources */,
				56A6DCFB2BBF497800E0A429 /* ifLet.swift in Sources */,
				56466F792BAB33890008C985 /* GameResultsView.swift in Sources */,
				5615F7952BB2FA5800177A44 /* PublicDatabase.swift in Sources */,
				567300D42B6DE07A005D79F2 /* GameView.swift in Sources */,
				566F14B92B6C00200069F06D /* SettingsView.swift in Sources */,
			);
			runOnlyForDeploymentPostprocessing = 0;
		};
		5652D5162B6814EC0071AE08 /* Sources */ = {
			isa = PBXSourcesBuildPhase;
			buildActionMask = 2147483647;
			files = (
				5652D51F2B6814EC0071AE08 /* Word_RivalryTests.swift in Sources */,
			);
			runOnlyForDeploymentPostprocessing = 0;
		};
		5652D5202B6814EC0071AE08 /* Sources */ = {
			isa = PBXSourcesBuildPhase;
			buildActionMask = 2147483647;
			files = (
				5652D52B2B6814EC0071AE08 /* Word_RivalryUITestsLaunchTests.swift in Sources */,
				5652D5292B6814EC0071AE08 /* Word_RivalryUITests.swift in Sources */,
			);
			runOnlyForDeploymentPostprocessing = 0;
		};
/* End PBXSourcesBuildPhase section */

/* Begin PBXTargetDependency section */
		5652D51C2B6814EC0071AE08 /* PBXTargetDependency */ = {
			isa = PBXTargetDependency;
			target = 5652D5052B6814EA0071AE08 /* Word Rivalry */;
			targetProxy = 5652D51B2B6814EC0071AE08 /* PBXContainerItemProxy */;
		};
		5652D5262B6814EC0071AE08 /* PBXTargetDependency */ = {
			isa = PBXTargetDependency;
			target = 5652D5052B6814EA0071AE08 /* Word Rivalry */;
			targetProxy = 5652D5252B6814EC0071AE08 /* PBXContainerItemProxy */;
		};
/* End PBXTargetDependency section */

/* Begin XCBuildConfiguration section */
		5652D52C2B6814EC0071AE08 /* Debug */ = {
			isa = XCBuildConfiguration;
			buildSettings = {
				ALWAYS_SEARCH_USER_PATHS = NO;
				ASSETCATALOG_COMPILER_GENERATE_SWIFT_ASSET_SYMBOL_EXTENSIONS = YES;
				CLANG_ANALYZER_NONNULL = YES;
				CLANG_ANALYZER_NUMBER_OBJECT_CONVERSION = YES_AGGRESSIVE;
				CLANG_CXX_LANGUAGE_STANDARD = "gnu++20";
				CLANG_ENABLE_MODULES = YES;
				CLANG_ENABLE_OBJC_ARC = YES;
				CLANG_ENABLE_OBJC_WEAK = YES;
				CLANG_WARN_BLOCK_CAPTURE_AUTORELEASING = YES;
				CLANG_WARN_BOOL_CONVERSION = YES;
				CLANG_WARN_COMMA = YES;
				CLANG_WARN_CONSTANT_CONVERSION = YES;
				CLANG_WARN_DEPRECATED_OBJC_IMPLEMENTATIONS = YES;
				CLANG_WARN_DIRECT_OBJC_ISA_USAGE = YES_ERROR;
				CLANG_WARN_DOCUMENTATION_COMMENTS = YES;
				CLANG_WARN_EMPTY_BODY = YES;
				CLANG_WARN_ENUM_CONVERSION = YES;
				CLANG_WARN_INFINITE_RECURSION = YES;
				CLANG_WARN_INT_CONVERSION = YES;
				CLANG_WARN_NON_LITERAL_NULL_CONVERSION = YES;
				CLANG_WARN_OBJC_IMPLICIT_RETAIN_SELF = YES;
				CLANG_WARN_OBJC_LITERAL_CONVERSION = YES;
				CLANG_WARN_OBJC_ROOT_CLASS = YES_ERROR;
				CLANG_WARN_QUOTED_INCLUDE_IN_FRAMEWORK_HEADER = YES;
				CLANG_WARN_RANGE_LOOP_ANALYSIS = YES;
				CLANG_WARN_STRICT_PROTOTYPES = YES;
				CLANG_WARN_SUSPICIOUS_MOVE = YES;
				CLANG_WARN_UNGUARDED_AVAILABILITY = YES_AGGRESSIVE;
				CLANG_WARN_UNREACHABLE_CODE = YES;
				CLANG_WARN__DUPLICATE_METHOD_MATCH = YES;
				COPY_PHASE_STRIP = NO;
				DEBUG_INFORMATION_FORMAT = dwarf;
				ENABLE_STRICT_OBJC_MSGSEND = YES;
				ENABLE_TESTABILITY = YES;
				ENABLE_USER_SCRIPT_SANDBOXING = YES;
				GCC_C_LANGUAGE_STANDARD = gnu17;
				GCC_DYNAMIC_NO_PIC = NO;
				GCC_NO_COMMON_BLOCKS = YES;
				GCC_OPTIMIZATION_LEVEL = 0;
				GCC_PREPROCESSOR_DEFINITIONS = (
					"DEBUG=1",
					"$(inherited)",
				);
				GCC_WARN_64_TO_32_BIT_CONVERSION = YES;
				GCC_WARN_ABOUT_RETURN_TYPE = YES_ERROR;
				GCC_WARN_UNDECLARED_SELECTOR = YES;
				GCC_WARN_UNINITIALIZED_AUTOS = YES_AGGRESSIVE;
				GCC_WARN_UNUSED_FUNCTION = YES;
				GCC_WARN_UNUSED_VARIABLE = YES;
				LOCALIZATION_PREFERS_STRING_CATALOGS = YES;
				MTL_ENABLE_DEBUG_INFO = INCLUDE_SOURCE;
				MTL_FAST_MATH = YES;
				ONLY_ACTIVE_ARCH = YES;
				SWIFT_ACTIVE_COMPILATION_CONDITIONS = "DEBUG $(inherited)";
				SWIFT_OPTIMIZATION_LEVEL = "-Onone";
			};
			name = Debug;
		};
		5652D52D2B6814EC0071AE08 /* Release */ = {
			isa = XCBuildConfiguration;
			buildSettings = {
				ALWAYS_SEARCH_USER_PATHS = NO;
				ASSETCATALOG_COMPILER_GENERATE_SWIFT_ASSET_SYMBOL_EXTENSIONS = YES;
				CLANG_ANALYZER_NONNULL = YES;
				CLANG_ANALYZER_NUMBER_OBJECT_CONVERSION = YES_AGGRESSIVE;
				CLANG_CXX_LANGUAGE_STANDARD = "gnu++20";
				CLANG_ENABLE_MODULES = YES;
				CLANG_ENABLE_OBJC_ARC = YES;
				CLANG_ENABLE_OBJC_WEAK = YES;
				CLANG_WARN_BLOCK_CAPTURE_AUTORELEASING = YES;
				CLANG_WARN_BOOL_CONVERSION = YES;
				CLANG_WARN_COMMA = YES;
				CLANG_WARN_CONSTANT_CONVERSION = YES;
				CLANG_WARN_DEPRECATED_OBJC_IMPLEMENTATIONS = YES;
				CLANG_WARN_DIRECT_OBJC_ISA_USAGE = YES_ERROR;
				CLANG_WARN_DOCUMENTATION_COMMENTS = YES;
				CLANG_WARN_EMPTY_BODY = YES;
				CLANG_WARN_ENUM_CONVERSION = YES;
				CLANG_WARN_INFINITE_RECURSION = YES;
				CLANG_WARN_INT_CONVERSION = YES;
				CLANG_WARN_NON_LITERAL_NULL_CONVERSION = YES;
				CLANG_WARN_OBJC_IMPLICIT_RETAIN_SELF = YES;
				CLANG_WARN_OBJC_LITERAL_CONVERSION = YES;
				CLANG_WARN_OBJC_ROOT_CLASS = YES_ERROR;
				CLANG_WARN_QUOTED_INCLUDE_IN_FRAMEWORK_HEADER = YES;
				CLANG_WARN_RANGE_LOOP_ANALYSIS = YES;
				CLANG_WARN_STRICT_PROTOTYPES = YES;
				CLANG_WARN_SUSPICIOUS_MOVE = YES;
				CLANG_WARN_UNGUARDED_AVAILABILITY = YES_AGGRESSIVE;
				CLANG_WARN_UNREACHABLE_CODE = YES;
				CLANG_WARN__DUPLICATE_METHOD_MATCH = YES;
				COPY_PHASE_STRIP = NO;
				DEBUG_INFORMATION_FORMAT = "dwarf-with-dsym";
				ENABLE_NS_ASSERTIONS = NO;
				ENABLE_STRICT_OBJC_MSGSEND = YES;
				ENABLE_USER_SCRIPT_SANDBOXING = YES;
				GCC_C_LANGUAGE_STANDARD = gnu17;
				GCC_NO_COMMON_BLOCKS = YES;
				GCC_WARN_64_TO_32_BIT_CONVERSION = YES;
				GCC_WARN_ABOUT_RETURN_TYPE = YES_ERROR;
				GCC_WARN_UNDECLARED_SELECTOR = YES;
				GCC_WARN_UNINITIALIZED_AUTOS = YES_AGGRESSIVE;
				GCC_WARN_UNUSED_FUNCTION = YES;
				GCC_WARN_UNUSED_VARIABLE = YES;
				LOCALIZATION_PREFERS_STRING_CATALOGS = YES;
				MTL_ENABLE_DEBUG_INFO = NO;
				MTL_FAST_MATH = YES;
				SWIFT_COMPILATION_MODE = wholemodule;
			};
			name = Release;
		};
		5652D52F2B6814EC0071AE08 /* Debug */ = {
			isa = XCBuildConfiguration;
			buildSettings = {
				ASSETCATALOG_COMPILER_APPICON_NAME = AppIcon;
				ASSETCATALOG_COMPILER_GLOBAL_ACCENT_COLOR_NAME = AccentColor;
				CODE_SIGN_ENTITLEMENTS = "Word Rivalry/Word_Rivalry.entitlements";
				CODE_SIGN_STYLE = Automatic;
				CURRENT_PROJECT_VERSION = 1;
				DEVELOPMENT_ASSET_PATHS = "\"Word Rivalry/Preview Content\"";
				DEVELOPMENT_TEAM = 68AL2L75GU;
				ENABLE_HARDENED_RUNTIME = YES;
				ENABLE_PREVIEWS = YES;
				GENERATE_INFOPLIST_FILE = YES;
				INFOPLIST_FILE = "Word Rivalry/Info.plist";
				"INFOPLIST_KEY_UIApplicationSceneManifest_Generation[sdk=iphoneos*]" = YES;
				"INFOPLIST_KEY_UIApplicationSceneManifest_Generation[sdk=iphonesimulator*]" = YES;
				"INFOPLIST_KEY_UIApplicationSupportsIndirectInputEvents[sdk=iphoneos*]" = YES;
				"INFOPLIST_KEY_UIApplicationSupportsIndirectInputEvents[sdk=iphonesimulator*]" = YES;
				"INFOPLIST_KEY_UILaunchScreen_Generation[sdk=iphoneos*]" = YES;
				"INFOPLIST_KEY_UILaunchScreen_Generation[sdk=iphonesimulator*]" = YES;
				"INFOPLIST_KEY_UIStatusBarStyle[sdk=iphoneos*]" = UIStatusBarStyleDefault;
				"INFOPLIST_KEY_UIStatusBarStyle[sdk=iphonesimulator*]" = UIStatusBarStyleDefault;
				INFOPLIST_KEY_UISupportedInterfaceOrientations_iPad = "UIInterfaceOrientationPortrait UIInterfaceOrientationPortraitUpsideDown UIInterfaceOrientationLandscapeLeft UIInterfaceOrientationLandscapeRight";
				INFOPLIST_KEY_UISupportedInterfaceOrientations_iPhone = "UIInterfaceOrientationPortrait UIInterfaceOrientationLandscapeLeft UIInterfaceOrientationLandscapeRight";
				IPHONEOS_DEPLOYMENT_TARGET = 17.0;
				LD_RUNPATH_SEARCH_PATHS = "@executable_path/Frameworks";
				"LD_RUNPATH_SEARCH_PATHS[sdk=macosx*]" = "@executable_path/../Frameworks";
				MACOSX_DEPLOYMENT_TARGET = 14.0;
				MARKETING_VERSION = 1.0;
				PRODUCT_BUNDLE_IDENTIFIER = "com.benoit-barbier.Word-Rivalry";
				PRODUCT_NAME = "$(TARGET_NAME)";
				SDKROOT = auto;
				SUPPORTED_PLATFORMS = "iphoneos iphonesimulator macosx";
				SWIFT_EMIT_LOC_STRINGS = YES;
				SWIFT_VERSION = 5.0;
				TARGETED_DEVICE_FAMILY = "1,2";
			};
			name = Debug;
		};
		5652D5302B6814EC0071AE08 /* Release */ = {
			isa = XCBuildConfiguration;
			buildSettings = {
				ASSETCATALOG_COMPILER_APPICON_NAME = AppIcon;
				ASSETCATALOG_COMPILER_GLOBAL_ACCENT_COLOR_NAME = AccentColor;
				CODE_SIGN_ENTITLEMENTS = "Word Rivalry/Word_Rivalry.entitlements";
				CODE_SIGN_STYLE = Automatic;
				CURRENT_PROJECT_VERSION = 1;
				DEVELOPMENT_ASSET_PATHS = "\"Word Rivalry/Preview Content\"";
				DEVELOPMENT_TEAM = 68AL2L75GU;
				ENABLE_HARDENED_RUNTIME = YES;
				ENABLE_PREVIEWS = YES;
				GENERATE_INFOPLIST_FILE = YES;
				INFOPLIST_FILE = "Word Rivalry/Info.plist";
				"INFOPLIST_KEY_UIApplicationSceneManifest_Generation[sdk=iphoneos*]" = YES;
				"INFOPLIST_KEY_UIApplicationSceneManifest_Generation[sdk=iphonesimulator*]" = YES;
				"INFOPLIST_KEY_UIApplicationSupportsIndirectInputEvents[sdk=iphoneos*]" = YES;
				"INFOPLIST_KEY_UIApplicationSupportsIndirectInputEvents[sdk=iphonesimulator*]" = YES;
				"INFOPLIST_KEY_UILaunchScreen_Generation[sdk=iphoneos*]" = YES;
				"INFOPLIST_KEY_UILaunchScreen_Generation[sdk=iphonesimulator*]" = YES;
				"INFOPLIST_KEY_UIStatusBarStyle[sdk=iphoneos*]" = UIStatusBarStyleDefault;
				"INFOPLIST_KEY_UIStatusBarStyle[sdk=iphonesimulator*]" = UIStatusBarStyleDefault;
				INFOPLIST_KEY_UISupportedInterfaceOrientations_iPad = "UIInterfaceOrientationPortrait UIInterfaceOrientationPortraitUpsideDown UIInterfaceOrientationLandscapeLeft UIInterfaceOrientationLandscapeRight";
				INFOPLIST_KEY_UISupportedInterfaceOrientations_iPhone = "UIInterfaceOrientationPortrait UIInterfaceOrientationLandscapeLeft UIInterfaceOrientationLandscapeRight";
				IPHONEOS_DEPLOYMENT_TARGET = 17.0;
				LD_RUNPATH_SEARCH_PATHS = "@executable_path/Frameworks";
				"LD_RUNPATH_SEARCH_PATHS[sdk=macosx*]" = "@executable_path/../Frameworks";
				MACOSX_DEPLOYMENT_TARGET = 14.0;
				MARKETING_VERSION = 1.0;
				PRODUCT_BUNDLE_IDENTIFIER = "com.benoit-barbier.Word-Rivalry";
				PRODUCT_NAME = "$(TARGET_NAME)";
				SDKROOT = auto;
				SUPPORTED_PLATFORMS = "iphoneos iphonesimulator macosx";
				SWIFT_EMIT_LOC_STRINGS = YES;
				SWIFT_VERSION = 5.0;
				TARGETED_DEVICE_FAMILY = "1,2";
			};
			name = Release;
		};
		5652D5322B6814EC0071AE08 /* Debug */ = {
			isa = XCBuildConfiguration;
			buildSettings = {
				ALWAYS_EMBED_SWIFT_STANDARD_LIBRARIES = YES;
				BUNDLE_LOADER = "$(TEST_HOST)";
				CODE_SIGN_STYLE = Automatic;
				CURRENT_PROJECT_VERSION = 1;
				DEVELOPMENT_TEAM = 68AL2L75GU;
				GENERATE_INFOPLIST_FILE = YES;
				IPHONEOS_DEPLOYMENT_TARGET = 17.2;
				MACOSX_DEPLOYMENT_TARGET = 14.0;
				MARKETING_VERSION = 1.0;
				PRODUCT_BUNDLE_IDENTIFIER = "com.benoit-barbier.Word-RivalryTests";
				PRODUCT_NAME = "$(TARGET_NAME)";
				SDKROOT = auto;
				SUPPORTED_PLATFORMS = "iphoneos iphonesimulator macosx";
				SWIFT_EMIT_LOC_STRINGS = NO;
				SWIFT_VERSION = 5.0;
				TARGETED_DEVICE_FAMILY = "1,2";
				TEST_HOST = "$(BUILT_PRODUCTS_DIR)/Word Rivalry.app/$(BUNDLE_EXECUTABLE_FOLDER_PATH)/Word Rivalry";
			};
			name = Debug;
		};
		5652D5332B6814EC0071AE08 /* Release */ = {
			isa = XCBuildConfiguration;
			buildSettings = {
				ALWAYS_EMBED_SWIFT_STANDARD_LIBRARIES = YES;
				BUNDLE_LOADER = "$(TEST_HOST)";
				CODE_SIGN_STYLE = Automatic;
				CURRENT_PROJECT_VERSION = 1;
				DEVELOPMENT_TEAM = 68AL2L75GU;
				GENERATE_INFOPLIST_FILE = YES;
				IPHONEOS_DEPLOYMENT_TARGET = 17.2;
				MACOSX_DEPLOYMENT_TARGET = 14.0;
				MARKETING_VERSION = 1.0;
				PRODUCT_BUNDLE_IDENTIFIER = "com.benoit-barbier.Word-RivalryTests";
				PRODUCT_NAME = "$(TARGET_NAME)";
				SDKROOT = auto;
				SUPPORTED_PLATFORMS = "iphoneos iphonesimulator macosx";
				SWIFT_EMIT_LOC_STRINGS = NO;
				SWIFT_VERSION = 5.0;
				TARGETED_DEVICE_FAMILY = "1,2";
				TEST_HOST = "$(BUILT_PRODUCTS_DIR)/Word Rivalry.app/$(BUNDLE_EXECUTABLE_FOLDER_PATH)/Word Rivalry";
			};
			name = Release;
		};
		5652D5352B6814EC0071AE08 /* Debug */ = {
			isa = XCBuildConfiguration;
			buildSettings = {
				ALWAYS_EMBED_SWIFT_STANDARD_LIBRARIES = YES;
				CODE_SIGN_STYLE = Automatic;
				CURRENT_PROJECT_VERSION = 1;
				DEVELOPMENT_TEAM = 68AL2L75GU;
				GENERATE_INFOPLIST_FILE = YES;
				IPHONEOS_DEPLOYMENT_TARGET = 17.2;
				MACOSX_DEPLOYMENT_TARGET = 14.0;
				MARKETING_VERSION = 1.0;
				PRODUCT_BUNDLE_IDENTIFIER = "com.benoit-barbier.Word-RivalryUITests";
				PRODUCT_NAME = "$(TARGET_NAME)";
				SDKROOT = auto;
				SUPPORTED_PLATFORMS = "iphoneos iphonesimulator macosx";
				SWIFT_EMIT_LOC_STRINGS = NO;
				SWIFT_VERSION = 5.0;
				TARGETED_DEVICE_FAMILY = "1,2";
				TEST_TARGET_NAME = "Word Rivalry";
			};
			name = Debug;
		};
		5652D5362B6814EC0071AE08 /* Release */ = {
			isa = XCBuildConfiguration;
			buildSettings = {
				ALWAYS_EMBED_SWIFT_STANDARD_LIBRARIES = YES;
				CODE_SIGN_STYLE = Automatic;
				CURRENT_PROJECT_VERSION = 1;
				DEVELOPMENT_TEAM = 68AL2L75GU;
				GENERATE_INFOPLIST_FILE = YES;
				IPHONEOS_DEPLOYMENT_TARGET = 17.2;
				MACOSX_DEPLOYMENT_TARGET = 14.0;
				MARKETING_VERSION = 1.0;
				PRODUCT_BUNDLE_IDENTIFIER = "com.benoit-barbier.Word-RivalryUITests";
				PRODUCT_NAME = "$(TARGET_NAME)";
				SDKROOT = auto;
				SUPPORTED_PLATFORMS = "iphoneos iphonesimulator macosx";
				SWIFT_EMIT_LOC_STRINGS = NO;
				SWIFT_VERSION = 5.0;
				TARGETED_DEVICE_FAMILY = "1,2";
				TEST_TARGET_NAME = "Word Rivalry";
			};
			name = Release;
		};
/* End XCBuildConfiguration section */

/* Begin XCConfigurationList section */
		5652D5012B6814EA0071AE08 /* Build configuration list for PBXProject "Word Rivalry" */ = {
			isa = XCConfigurationList;
			buildConfigurations = (
				5652D52C2B6814EC0071AE08 /* Debug */,
				5652D52D2B6814EC0071AE08 /* Release */,
			);
			defaultConfigurationIsVisible = 0;
			defaultConfigurationName = Release;
		};
		5652D52E2B6814EC0071AE08 /* Build configuration list for PBXNativeTarget "Word Rivalry" */ = {
			isa = XCConfigurationList;
			buildConfigurations = (
				5652D52F2B6814EC0071AE08 /* Debug */,
				5652D5302B6814EC0071AE08 /* Release */,
			);
			defaultConfigurationIsVisible = 0;
			defaultConfigurationName = Release;
		};
		5652D5312B6814EC0071AE08 /* Build configuration list for PBXNativeTarget "Word RivalryTests" */ = {
			isa = XCConfigurationList;
			buildConfigurations = (
				5652D5322B6814EC0071AE08 /* Debug */,
				5652D5332B6814EC0071AE08 /* Release */,
			);
			defaultConfigurationIsVisible = 0;
			defaultConfigurationName = Release;
		};
		5652D5342B6814EC0071AE08 /* Build configuration list for PBXNativeTarget "Word RivalryUITests" */ = {
			isa = XCConfigurationList;
			buildConfigurations = (
				5652D5352B6814EC0071AE08 /* Debug */,
				5652D5362B6814EC0071AE08 /* Release */,
			);
			defaultConfigurationIsVisible = 0;
			defaultConfigurationName = Release;
		};
/* End XCConfigurationList section */
	};
	rootObject = 5652D4FE2B6814EA0071AE08 /* Project object */;
}
