// !$*UTF8*$!
{
	archiveVersion = 1;
	classes = {
	};
	objectVersion = 56;
	objects = {

/* Begin PBXBuildFile section */
		5652D50A2B6814EA0071AE08 /* Word_RivalryApp.swift in Sources */ = {isa = PBXBuildFile; fileRef = 5652D5092B6814EA0071AE08 /* Word_RivalryApp.swift */; };
		5652D50C2B6814EA0071AE08 /* ContentView.swift in Sources */ = {isa = PBXBuildFile; fileRef = 5652D50B2B6814EA0071AE08 /* ContentView.swift */; };
		5652D5102B6814EC0071AE08 /* Assets.xcassets in Resources */ = {isa = PBXBuildFile; fileRef = 5652D50F2B6814EC0071AE08 /* Assets.xcassets */; };
		5652D5142B6814EC0071AE08 /* Preview Assets.xcassets in Resources */ = {isa = PBXBuildFile; fileRef = 5652D5132B6814EC0071AE08 /* Preview Assets.xcassets */; };
		5652D51F2B6814EC0071AE08 /* Word_RivalryTests.swift in Sources */ = {isa = PBXBuildFile; fileRef = 5652D51E2B6814EC0071AE08 /* Word_RivalryTests.swift */; };
		5652D5292B6814EC0071AE08 /* Word_RivalryUITests.swift in Sources */ = {isa = PBXBuildFile; fileRef = 5652D5282B6814EC0071AE08 /* Word_RivalryUITests.swift */; };
		5652D52B2B6814EC0071AE08 /* Word_RivalryUITestsLaunchTests.swift in Sources */ = {isa = PBXBuildFile; fileRef = 5652D52A2B6814EC0071AE08 /* Word_RivalryUITestsLaunchTests.swift */; };
		5652D53A2B68DCAF0071AE08 /* CloudKitService.swift in Sources */ = {isa = PBXBuildFile; fileRef = 5652D5392B68DCAF0071AE08 /* CloudKitService.swift */; };
		5652D5412B68E7800071AE08 /* NetworkUtility.swift in Sources */ = {isa = PBXBuildFile; fileRef = 5652D5402B68E7800071AE08 /* NetworkUtility.swift */; };
		566F147A2B6993E70069F06D /* ProfileService.swift in Sources */ = {isa = PBXBuildFile; fileRef = 566F14792B6993E70069F06D /* ProfileService.swift */; };
		566F147D2B6A063B0069F06D /* ProfileRecord.swift in Sources */ = {isa = PBXBuildFile; fileRef = 566F147C2B6A063A0069F06D /* ProfileRecord.swift */; };
		566F14842B6A0FAA0069F06D /* ProfileCreationView.swift in Sources */ = {isa = PBXBuildFile; fileRef = 566F14832B6A0FAA0069F06D /* ProfileCreationView.swift */; };
		566F14862B6A1F590069F06D /* IntroView.swift in Sources */ = {isa = PBXBuildFile; fileRef = 566F14852B6A1F590069F06D /* IntroView.swift */; };
		566F14882B6A207F0069F06D /* AppService.swift in Sources */ = {isa = PBXBuildFile; fileRef = 566F14872B6A207F0069F06D /* AppService.swift */; };
		566F148A2B6A20C00069F06D /* ServiceLocator.swift in Sources */ = {isa = PBXBuildFile; fileRef = 566F14892B6A20C00069F06D /* ServiceLocator.swift */; };
		566F149A2B6A21370069F06D /* AudioLoaderService.swift in Sources */ = {isa = PBXBuildFile; fileRef = 566F148E2B6A21360069F06D /* AudioLoaderService.swift */; };
		566F149B2B6A21370069F06D /* MusicManager.swift in Sources */ = {isa = PBXBuildFile; fileRef = 566F148F2B6A21360069F06D /* MusicManager.swift */; };
		566F149C2B6A21370069F06D /* AudioSessionService.swift in Sources */ = {isa = PBXBuildFile; fileRef = 566F14902B6A21360069F06D /* AudioSessionService.swift */; };
		566F149D2B6A21370069F06D /* MusicLibrary.swift in Sources */ = {isa = PBXBuildFile; fileRef = 566F14912B6A21360069F06D /* MusicLibrary.swift */; };
		566F149E2B6A21370069F06D /* Song.swift in Sources */ = {isa = PBXBuildFile; fileRef = 566F14922B6A21370069F06D /* Song.swift */; };
		566F149F2B6A21370069F06D /* MusicPlayer.swift in Sources */ = {isa = PBXBuildFile; fileRef = 566F14932B6A21370069F06D /* MusicPlayer.swift */; };
		566F14A02B6A21370069F06D /* AudioPlayable.swift in Sources */ = {isa = PBXBuildFile; fileRef = 566F14942B6A21370069F06D /* AudioPlayable.swift */; };
		566F14A12B6A21370069F06D /* SoundEffect.swift in Sources */ = {isa = PBXBuildFile; fileRef = 566F14952B6A21370069F06D /* SoundEffect.swift */; };
		566F14A22B6A21370069F06D /* SoundEffectManageable.swift in Sources */ = {isa = PBXBuildFile; fileRef = 566F14962B6A21370069F06D /* SoundEffectManageable.swift */; };
		566F14A32B6A21370069F06D /* Playlist.swift in Sources */ = {isa = PBXBuildFile; fileRef = 566F14972B6A21370069F06D /* Playlist.swift */; };
		566F14A42B6A21370069F06D /* SoundEffectsManager.swift in Sources */ = {isa = PBXBuildFile; fileRef = 566F14982B6A21370069F06D /* SoundEffectsManager.swift */; };
		566F14A52B6A21370069F06D /* AudioService.swift in Sources */ = {isa = PBXBuildFile; fileRef = 566F14992B6A21370069F06D /* AudioService.swift */; };
		566F14AE2B6A22CF0069F06D /* ThemeService.swift in Sources */ = {isa = PBXBuildFile; fileRef = 566F14AD2B6A22CF0069F06D /* ThemeService.swift */; };
		566F14B12B6A26340069F06D /* Music in Resources */ = {isa = PBXBuildFile; fileRef = 566F14B02B6A26330069F06D /* Music */; };
		566F14B72B6C00160069F06D /* ProfileView.swift in Sources */ = {isa = PBXBuildFile; fileRef = 566F14B62B6C00160069F06D /* ProfileView.swift */; };
		566F14B92B6C00200069F06D /* SettingsView.swift in Sources */ = {isa = PBXBuildFile; fileRef = 566F14B82B6C00200069F06D /* SettingsView.swift */; };
		566F14BB2B6C00330069F06D /* MatchmakingView.swift in Sources */ = {isa = PBXBuildFile; fileRef = 566F14BA2B6C00330069F06D /* MatchmakingView.swift */; };
		566F14BD2B6C495B0069F06D /* PlayView.swift in Sources */ = {isa = PBXBuildFile; fileRef = 566F14BC2B6C495B0069F06D /* PlayView.swift */; };
		566F14C02B6C4AEA0069F06D /* AppScreen.swift in Sources */ = {isa = PBXBuildFile; fileRef = 566F14BF2B6C4AEA0069F06D /* AppScreen.swift */; };
		566F14C52B6C4C610069F06D /* HomeNavigationStack.swift in Sources */ = {isa = PBXBuildFile; fileRef = 566F14C42B6C4C610069F06D /* HomeNavigationStack.swift */; };
		566F14C72B6C4C720069F06D /* PlayNavigationStack.swift in Sources */ = {isa = PBXBuildFile; fileRef = 566F14C62B6C4C720069F06D /* PlayNavigationStack.swift */; };
		566F14C92B6C50890069F06D /* AppTabView.swift in Sources */ = {isa = PBXBuildFile; fileRef = 566F14C82B6C50890069F06D /* AppTabView.swift */; };
		566F14CB2B6CD6570069F06D /* LeaderboardView.swift in Sources */ = {isa = PBXBuildFile; fileRef = 566F14CA2B6CD6570069F06D /* LeaderboardView.swift */; };
		566F14CD2B6CD7560069F06D /* BasicButton.swift in Sources */ = {isa = PBXBuildFile; fileRef = 566F14CC2B6CD7560069F06D /* BasicButton.swift */; };
		566F14CF2B6CD7B70069F06D /* StatisticsView.swift in Sources */ = {isa = PBXBuildFile; fileRef = 566F14CE2B6CD7B70069F06D /* StatisticsView.swift */; };
		566F14D12B6CD97B0069F06D /* FriendsListView.swift in Sources */ = {isa = PBXBuildFile; fileRef = 566F14D02B6CD97B0069F06D /* FriendsListView.swift */; };
		566F14D82B6CE7460069F06D /* GlassModifier.swift in Sources */ = {isa = PBXBuildFile; fileRef = 566F14D72B6CE7460069F06D /* GlassModifier.swift */; };
		567172F92B6EB66F0009607D /* RankedMarchmakingModel.swift in Sources */ = {isa = PBXBuildFile; fileRef = 567172F82B6EB66F0009607D /* RankedMarchmakingModel.swift */; };
		567172FB2B6EC6F60009607D /* RankedMatchmakingStatsService.swift in Sources */ = {isa = PBXBuildFile; fileRef = 567172FA2B6EC6F60009607D /* RankedMatchmakingStatsService.swift */; };
		567172FD2B6F54320009607D /* FullScreenCoverView.swift in Sources */ = {isa = PBXBuildFile; fileRef = 567172FC2B6F54320009607D /* FullScreenCoverView.swift */; };
		567173002B6F56E90009607D /* SearchModel.swift in Sources */ = {isa = PBXBuildFile; fileRef = 567172FF2B6F56E90009607D /* SearchModel.swift */; };
		567173022B6F61A10009607D /* MatchmakingAPIService.swift in Sources */ = {isa = PBXBuildFile; fileRef = 567173012B6F61A10009607D /* MatchmakingAPIService.swift */; };
		567173052B70CBAE0009607D /* BattleServerService.swift in Sources */ = {isa = PBXBuildFile; fileRef = 567173042B70CBAE0009607D /* BattleServerService.swift */; };
		567300B92B6D0047005D79F2 /* RankedMatchmakingView.swift in Sources */ = {isa = PBXBuildFile; fileRef = 567300B82B6D0047005D79F2 /* RankedMatchmakingView.swift */; };
		567300BB2B6D006A005D79F2 /* PlayVsFriendMatchmakingView.swift in Sources */ = {isa = PBXBuildFile; fileRef = 567300BA2B6D006A005D79F2 /* PlayVsFriendMatchmakingView.swift */; };
		567300C02B6D01F3005D79F2 /* Board.swift in Sources */ = {isa = PBXBuildFile; fileRef = 567300BD2B6D01F3005D79F2 /* Board.swift */; };
		567300C12B6D01F3005D79F2 /* BoardView.swift in Sources */ = {isa = PBXBuildFile; fileRef = 567300BE2B6D01F3005D79F2 /* BoardView.swift */; };
		567300C22B6D01F3005D79F2 /* BoardViewModel.swift in Sources */ = {isa = PBXBuildFile; fileRef = 567300BF2B6D01F3005D79F2 /* BoardViewModel.swift */; };
		567300C42B6D03A6005D79F2 /* LetterBoardView.swift in Sources */ = {isa = PBXBuildFile; fileRef = 567300C32B6D03A6005D79F2 /* LetterBoardView.swift */; };
		567300C62B6D0452005D79F2 /* LetterCellView.swift in Sources */ = {isa = PBXBuildFile; fileRef = 567300C52B6D0452005D79F2 /* LetterCellView.swift */; };
		567300C82B6D05A8005D79F2 /* GameModel.swift in Sources */ = {isa = PBXBuildFile; fileRef = 567300C72B6D05A8005D79F2 /* GameModel.swift */; };
		567300CB2B6D72F5005D79F2 /* TrieNode.swift in Sources */ = {isa = PBXBuildFile; fileRef = 567300CA2B6D72F5005D79F2 /* TrieNode.swift */; };
		567300CD2B6D730E005D79F2 /* WordChecker.swift in Sources */ = {isa = PBXBuildFile; fileRef = 567300CC2B6D730E005D79F2 /* WordChecker.swift */; };
		567300CF2B6D7382005D79F2 /* french_trie_serialized.json in Resources */ = {isa = PBXBuildFile; fileRef = 567300CE2B6D7382005D79F2 /* french_trie_serialized.json */; };
		567300D42B6DE07A005D79F2 /* GameView.swift in Sources */ = {isa = PBXBuildFile; fileRef = 567300D32B6DE07A005D79F2 /* GameView.swift */; };
		56C1D0C72B84172E005D223F /* MatchmakingService.swift in Sources */ = {isa = PBXBuildFile; fileRef = 56C1D0C62B84172E005D223F /* MatchmakingService.swift */; };
/* End PBXBuildFile section */

/* Begin PBXContainerItemProxy section */
		5652D51B2B6814EC0071AE08 /* PBXContainerItemProxy */ = {
			isa = PBXContainerItemProxy;
			containerPortal = 5652D4FE2B6814EA0071AE08 /* Project object */;
			proxyType = 1;
			remoteGlobalIDString = 5652D5052B6814EA0071AE08;
			remoteInfo = "Word Rivalry";
		};
		5652D5252B6814EC0071AE08 /* PBXContainerItemProxy */ = {
			isa = PBXContainerItemProxy;
			containerPortal = 5652D4FE2B6814EA0071AE08 /* Project object */;
			proxyType = 1;
			remoteGlobalIDString = 5652D5052B6814EA0071AE08;
			remoteInfo = "Word Rivalry";
		};
/* End PBXContainerItemProxy section */

/* Begin PBXFileReference section */
		5652D5062B6814EA0071AE08 /* Word Rivalry.app */ = {isa = PBXFileReference; explicitFileType = wrapper.application; includeInIndex = 0; path = "Word Rivalry.app"; sourceTree = BUILT_PRODUCTS_DIR; };
		5652D5092B6814EA0071AE08 /* Word_RivalryApp.swift */ = {isa = PBXFileReference; lastKnownFileType = sourcecode.swift; path = Word_RivalryApp.swift; sourceTree = "<group>"; };
		5652D50B2B6814EA0071AE08 /* ContentView.swift */ = {isa = PBXFileReference; lastKnownFileType = sourcecode.swift; path = ContentView.swift; sourceTree = "<group>"; };
		5652D50F2B6814EC0071AE08 /* Assets.xcassets */ = {isa = PBXFileReference; lastKnownFileType = folder.assetcatalog; path = Assets.xcassets; sourceTree = "<group>"; };
		5652D5112B6814EC0071AE08 /* Word_Rivalry.entitlements */ = {isa = PBXFileReference; lastKnownFileType = text.plist.entitlements; path = Word_Rivalry.entitlements; sourceTree = "<group>"; };
		5652D5132B6814EC0071AE08 /* Preview Assets.xcassets */ = {isa = PBXFileReference; lastKnownFileType = folder.assetcatalog; path = "Preview Assets.xcassets"; sourceTree = "<group>"; };
		5652D5152B6814EC0071AE08 /* Info.plist */ = {isa = PBXFileReference; lastKnownFileType = text.plist.xml; path = Info.plist; sourceTree = "<group>"; };
		5652D51A2B6814EC0071AE08 /* Word RivalryTests.xctest */ = {isa = PBXFileReference; explicitFileType = wrapper.cfbundle; includeInIndex = 0; path = "Word RivalryTests.xctest"; sourceTree = BUILT_PRODUCTS_DIR; };
		5652D51E2B6814EC0071AE08 /* Word_RivalryTests.swift */ = {isa = PBXFileReference; lastKnownFileType = sourcecode.swift; path = Word_RivalryTests.swift; sourceTree = "<group>"; };
		5652D5242B6814EC0071AE08 /* Word RivalryUITests.xctest */ = {isa = PBXFileReference; explicitFileType = wrapper.cfbundle; includeInIndex = 0; path = "Word RivalryUITests.xctest"; sourceTree = BUILT_PRODUCTS_DIR; };
		5652D5282B6814EC0071AE08 /* Word_RivalryUITests.swift */ = {isa = PBXFileReference; lastKnownFileType = sourcecode.swift; path = Word_RivalryUITests.swift; sourceTree = "<group>"; };
		5652D52A2B6814EC0071AE08 /* Word_RivalryUITestsLaunchTests.swift */ = {isa = PBXFileReference; lastKnownFileType = sourcecode.swift; path = Word_RivalryUITestsLaunchTests.swift; sourceTree = "<group>"; };
		5652D5392B68DCAF0071AE08 /* CloudKitService.swift */ = {isa = PBXFileReference; lastKnownFileType = sourcecode.swift; path = CloudKitService.swift; sourceTree = "<group>"; };
		5652D5402B68E7800071AE08 /* NetworkUtility.swift */ = {isa = PBXFileReference; lastKnownFileType = sourcecode.swift; path = NetworkUtility.swift; sourceTree = "<group>"; };
		566F14792B6993E70069F06D /* ProfileService.swift */ = {isa = PBXFileReference; lastKnownFileType = sourcecode.swift; path = ProfileService.swift; sourceTree = "<group>"; };
		566F147C2B6A063A0069F06D /* ProfileRecord.swift */ = {isa = PBXFileReference; lastKnownFileType = sourcecode.swift; path = ProfileRecord.swift; sourceTree = "<group>"; };
		566F14832B6A0FAA0069F06D /* ProfileCreationView.swift */ = {isa = PBXFileReference; lastKnownFileType = sourcecode.swift; path = ProfileCreationView.swift; sourceTree = "<group>"; };
		566F14852B6A1F590069F06D /* IntroView.swift */ = {isa = PBXFileReference; lastKnownFileType = sourcecode.swift; path = IntroView.swift; sourceTree = "<group>"; };
		566F14872B6A207F0069F06D /* AppService.swift */ = {isa = PBXFileReference; lastKnownFileType = sourcecode.swift; path = AppService.swift; sourceTree = "<group>"; };
		566F14892B6A20C00069F06D /* ServiceLocator.swift */ = {isa = PBXFileReference; lastKnownFileType = sourcecode.swift; path = ServiceLocator.swift; sourceTree = "<group>"; };
		566F148E2B6A21360069F06D /* AudioLoaderService.swift */ = {isa = PBXFileReference; fileEncoding = 4; lastKnownFileType = sourcecode.swift; path = AudioLoaderService.swift; sourceTree = "<group>"; };
		566F148F2B6A21360069F06D /* MusicManager.swift */ = {isa = PBXFileReference; fileEncoding = 4; lastKnownFileType = sourcecode.swift; path = MusicManager.swift; sourceTree = "<group>"; };
		566F14902B6A21360069F06D /* AudioSessionService.swift */ = {isa = PBXFileReference; fileEncoding = 4; lastKnownFileType = sourcecode.swift; path = AudioSessionService.swift; sourceTree = "<group>"; };
		566F14912B6A21360069F06D /* MusicLibrary.swift */ = {isa = PBXFileReference; fileEncoding = 4; lastKnownFileType = sourcecode.swift; path = MusicLibrary.swift; sourceTree = "<group>"; };
		566F14922B6A21370069F06D /* Song.swift */ = {isa = PBXFileReference; fileEncoding = 4; lastKnownFileType = sourcecode.swift; path = Song.swift; sourceTree = "<group>"; };
		566F14932B6A21370069F06D /* MusicPlayer.swift */ = {isa = PBXFileReference; fileEncoding = 4; lastKnownFileType = sourcecode.swift; path = MusicPlayer.swift; sourceTree = "<group>"; };
		566F14942B6A21370069F06D /* AudioPlayable.swift */ = {isa = PBXFileReference; fileEncoding = 4; lastKnownFileType = sourcecode.swift; path = AudioPlayable.swift; sourceTree = "<group>"; };
		566F14952B6A21370069F06D /* SoundEffect.swift */ = {isa = PBXFileReference; fileEncoding = 4; lastKnownFileType = sourcecode.swift; path = SoundEffect.swift; sourceTree = "<group>"; };
		566F14962B6A21370069F06D /* SoundEffectManageable.swift */ = {isa = PBXFileReference; fileEncoding = 4; lastKnownFileType = sourcecode.swift; path = SoundEffectManageable.swift; sourceTree = "<group>"; };
		566F14972B6A21370069F06D /* Playlist.swift */ = {isa = PBXFileReference; fileEncoding = 4; lastKnownFileType = sourcecode.swift; path = Playlist.swift; sourceTree = "<group>"; };
		566F14982B6A21370069F06D /* SoundEffectsManager.swift */ = {isa = PBXFileReference; fileEncoding = 4; lastKnownFileType = sourcecode.swift; path = SoundEffectsManager.swift; sourceTree = "<group>"; };
		566F14992B6A21370069F06D /* AudioService.swift */ = {isa = PBXFileReference; fileEncoding = 4; lastKnownFileType = sourcecode.swift; path = AudioService.swift; sourceTree = "<group>"; };
		566F14AD2B6A22CF0069F06D /* ThemeService.swift */ = {isa = PBXFileReference; lastKnownFileType = sourcecode.swift; path = ThemeService.swift; sourceTree = "<group>"; };
		566F14B02B6A26330069F06D /* Music */ = {isa = PBXFileReference; lastKnownFileType = folder; path = Music; sourceTree = "<group>"; };
		566F14B62B6C00160069F06D /* ProfileView.swift */ = {isa = PBXFileReference; lastKnownFileType = sourcecode.swift; path = ProfileView.swift; sourceTree = "<group>"; };
		566F14B82B6C00200069F06D /* SettingsView.swift */ = {isa = PBXFileReference; lastKnownFileType = sourcecode.swift; path = SettingsView.swift; sourceTree = "<group>"; };
		566F14BA2B6C00330069F06D /* MatchmakingView.swift */ = {isa = PBXFileReference; lastKnownFileType = sourcecode.swift; path = MatchmakingView.swift; sourceTree = "<group>"; };
		566F14BC2B6C495B0069F06D /* PlayView.swift */ = {isa = PBXFileReference; lastKnownFileType = sourcecode.swift; path = PlayView.swift; sourceTree = "<group>"; };
		566F14BF2B6C4AEA0069F06D /* AppScreen.swift */ = {isa = PBXFileReference; lastKnownFileType = sourcecode.swift; path = AppScreen.swift; sourceTree = "<group>"; };
		566F14C42B6C4C610069F06D /* HomeNavigationStack.swift */ = {isa = PBXFileReference; lastKnownFileType = sourcecode.swift; path = HomeNavigationStack.swift; sourceTree = "<group>"; };
		566F14C62B6C4C720069F06D /* PlayNavigationStack.swift */ = {isa = PBXFileReference; lastKnownFileType = sourcecode.swift; path = PlayNavigationStack.swift; sourceTree = "<group>"; };
		566F14C82B6C50890069F06D /* AppTabView.swift */ = {isa = PBXFileReference; lastKnownFileType = sourcecode.swift; path = AppTabView.swift; sourceTree = "<group>"; };
		566F14CA2B6CD6570069F06D /* LeaderboardView.swift */ = {isa = PBXFileReference; lastKnownFileType = sourcecode.swift; path = LeaderboardView.swift; sourceTree = "<group>"; };
		566F14CC2B6CD7560069F06D /* BasicButton.swift */ = {isa = PBXFileReference; lastKnownFileType = sourcecode.swift; path = BasicButton.swift; sourceTree = "<group>"; };
		566F14CE2B6CD7B70069F06D /* StatisticsView.swift */ = {isa = PBXFileReference; lastKnownFileType = sourcecode.swift; path = StatisticsView.swift; sourceTree = "<group>"; };
		566F14D02B6CD97B0069F06D /* FriendsListView.swift */ = {isa = PBXFileReference; lastKnownFileType = sourcecode.swift; path = FriendsListView.swift; sourceTree = "<group>"; };
		566F14D72B6CE7460069F06D /* GlassModifier.swift */ = {isa = PBXFileReference; lastKnownFileType = sourcecode.swift; path = GlassModifier.swift; sourceTree = "<group>"; };
		567172F82B6EB66F0009607D /* RankedMarchmakingModel.swift */ = {isa = PBXFileReference; lastKnownFileType = sourcecode.swift; path = RankedMarchmakingModel.swift; sourceTree = "<group>"; };
		567172FA2B6EC6F60009607D /* RankedMatchmakingStatsService.swift */ = {isa = PBXFileReference; lastKnownFileType = sourcecode.swift; path = RankedMatchmakingStatsService.swift; sourceTree = "<group>"; };
		567172FC2B6F54320009607D /* FullScreenCoverView.swift */ = {isa = PBXFileReference; lastKnownFileType = sourcecode.swift; path = FullScreenCoverView.swift; sourceTree = "<group>"; };
		567172FF2B6F56E90009607D /* SearchModel.swift */ = {isa = PBXFileReference; lastKnownFileType = sourcecode.swift; path = SearchModel.swift; sourceTree = "<group>"; };
		567173012B6F61A10009607D /* MatchmakingAPIService.swift */ = {isa = PBXFileReference; lastKnownFileType = sourcecode.swift; path = MatchmakingAPIService.swift; sourceTree = "<group>"; };
		567173042B70CBAE0009607D /* BattleServerService.swift */ = {isa = PBXFileReference; lastKnownFileType = sourcecode.swift; path = BattleServerService.swift; sourceTree = "<group>"; };
		567300B82B6D0047005D79F2 /* RankedMatchmakingView.swift */ = {isa = PBXFileReference; lastKnownFileType = sourcecode.swift; path = RankedMatchmakingView.swift; sourceTree = "<group>"; };
		567300BA2B6D006A005D79F2 /* PlayVsFriendMatchmakingView.swift */ = {isa = PBXFileReference; lastKnownFileType = sourcecode.swift; path = PlayVsFriendMatchmakingView.swift; sourceTree = "<group>"; };
		567300BD2B6D01F3005D79F2 /* Board.swift */ = {isa = PBXFileReference; fileEncoding = 4; lastKnownFileType = sourcecode.swift; path = Board.swift; sourceTree = "<group>"; };
		567300BE2B6D01F3005D79F2 /* BoardView.swift */ = {isa = PBXFileReference; fileEncoding = 4; lastKnownFileType = sourcecode.swift; path = BoardView.swift; sourceTree = "<group>"; };
		567300BF2B6D01F3005D79F2 /* BoardViewModel.swift */ = {isa = PBXFileReference; fileEncoding = 4; lastKnownFileType = sourcecode.swift; path = BoardViewModel.swift; sourceTree = "<group>"; };
		567300C32B6D03A6005D79F2 /* LetterBoardView.swift */ = {isa = PBXFileReference; lastKnownFileType = sourcecode.swift; path = LetterBoardView.swift; sourceTree = "<group>"; };
		567300C52B6D0452005D79F2 /* LetterCellView.swift */ = {isa = PBXFileReference; lastKnownFileType = sourcecode.swift; path = LetterCellView.swift; sourceTree = "<group>"; };
		567300C72B6D05A8005D79F2 /* GameModel.swift */ = {isa = PBXFileReference; lastKnownFileType = sourcecode.swift; path = GameModel.swift; sourceTree = "<group>"; };
		567300CA2B6D72F5005D79F2 /* TrieNode.swift */ = {isa = PBXFileReference; lastKnownFileType = sourcecode.swift; path = TrieNode.swift; sourceTree = "<group>"; };
		567300CC2B6D730E005D79F2 /* WordChecker.swift */ = {isa = PBXFileReference; lastKnownFileType = sourcecode.swift; path = WordChecker.swift; sourceTree = "<group>"; };
		567300CE2B6D7382005D79F2 /* french_trie_serialized.json */ = {isa = PBXFileReference; fileEncoding = 4; lastKnownFileType = text.json; path = french_trie_serialized.json; sourceTree = "<group>"; };
		567300D32B6DE07A005D79F2 /* GameView.swift */ = {isa = PBXFileReference; lastKnownFileType = sourcecode.swift; path = GameView.swift; sourceTree = "<group>"; };
		56C1D0C62B84172E005D223F /* MatchmakingService.swift */ = {isa = PBXFileReference; lastKnownFileType = sourcecode.swift; path = MatchmakingService.swift; sourceTree = "<group>"; };
/* End PBXFileReference section */

/* Begin PBXFrameworksBuildPhase section */
		5652D5032B6814EA0071AE08 /* Frameworks */ = {
			isa = PBXFrameworksBuildPhase;
			buildActionMask = 2147483647;
			files = (
			);
			runOnlyForDeploymentPostprocessing = 0;
		};
		5652D5172B6814EC0071AE08 /* Frameworks */ = {
			isa = PBXFrameworksBuildPhase;
			buildActionMask = 2147483647;
			files = (
			);
			runOnlyForDeploymentPostprocessing = 0;
		};
		5652D5212B6814EC0071AE08 /* Frameworks */ = {
			isa = PBXFrameworksBuildPhase;
			buildActionMask = 2147483647;
			files = (
			);
			runOnlyForDeploymentPostprocessing = 0;
		};
/* End PBXFrameworksBuildPhase section */

/* Begin PBXGroup section */
		5652D4FD2B6814EA0071AE08 = {
			isa = PBXGroup;
			children = (
				5652D5082B6814EA0071AE08 /* Word Rivalry */,
				5652D51D2B6814EC0071AE08 /* Word RivalryTests */,
				5652D5272B6814EC0071AE08 /* Word RivalryUITests */,
				5652D5072B6814EA0071AE08 /* Products */,
			);
			sourceTree = "<group>";
		};
		5652D5072B6814EA0071AE08 /* Products */ = {
			isa = PBXGroup;
			children = (
				5652D5062B6814EA0071AE08 /* Word Rivalry.app */,
				5652D51A2B6814EC0071AE08 /* Word RivalryTests.xctest */,
				5652D5242B6814EC0071AE08 /* Word RivalryUITests.xctest */,
			);
			name = Products;
			sourceTree = "<group>";
		};
		5652D5082B6814EA0071AE08 /* Word Rivalry */ = {
			isa = PBXGroup;
			children = (
				567300CE2B6D7382005D79F2 /* french_trie_serialized.json */,
				566F14D62B6CE7360069F06D /* extension */,
				566F14B22B6A292C0069F06D /* App */,
				566F14B02B6A26330069F06D /* Music */,
				5652D5382B68DC8B0071AE08 /* services */,
				5652D5372B68DC820071AE08 /* core */,
				5652D50F2B6814EC0071AE08 /* Assets.xcassets */,
				5652D5112B6814EC0071AE08 /* Word_Rivalry.entitlements */,
				5652D5152B6814EC0071AE08 /* Info.plist */,
				5652D5122B6814EC0071AE08 /* Preview Content */,
			);
			path = "Word Rivalry";
			sourceTree = "<group>";
		};
		5652D5122B6814EC0071AE08 /* Preview Content */ = {
			isa = PBXGroup;
			children = (
				5652D5132B6814EC0071AE08 /* Preview Assets.xcassets */,
			);
			path = "Preview Content";
			sourceTree = "<group>";
		};
		5652D51D2B6814EC0071AE08 /* Word RivalryTests */ = {
			isa = PBXGroup;
			children = (
				5652D51E2B6814EC0071AE08 /* Word_RivalryTests.swift */,
			);
			path = "Word RivalryTests";
			sourceTree = "<group>";
		};
		5652D5272B6814EC0071AE08 /* Word RivalryUITests */ = {
			isa = PBXGroup;
			children = (
				5652D5282B6814EC0071AE08 /* Word_RivalryUITests.swift */,
				5652D52A2B6814EC0071AE08 /* Word_RivalryUITestsLaunchTests.swift */,
			);
			path = "Word RivalryUITests";
			sourceTree = "<group>";
		};
		5652D5372B68DC820071AE08 /* core */ = {
			isa = PBXGroup;
			children = (
				567300B72B6CFF57005D79F2 /* component */,
				566F14C22B6C4C190069F06D /* Play */,
				566F14C12B6C4C0C0069F06D /* Home */,
				566F14BE2B6C4ABC0069F06D /* Navigation */,
				566F14832B6A0FAA0069F06D /* ProfileCreationView.swift */,
				566F14B82B6C00200069F06D /* SettingsView.swift */,
				566F14BA2B6C00330069F06D /* MatchmakingView.swift */,
				566F14BC2B6C495B0069F06D /* PlayView.swift */,
			);
			path = core;
			sourceTree = "<group>";
		};
		5652D5382B68DC8B0071AE08 /* services */ = {
			isa = PBXGroup;
			children = (
				567173032B70CB9F0009607D /* match */,
				567300C92B6D72CE005D79F2 /* wordChecker */,
				566F148D2B6A212E0069F06D /* Audio */,
				566F147B2B6A06160069F06D /* Profile */,
				5652D5402B68E7800071AE08 /* NetworkUtility.swift */,
				566F14AD2B6A22CF0069F06D /* ThemeService.swift */,
			);
			path = services;
			sourceTree = "<group>";
		};
		566F147B2B6A06160069F06D /* Profile */ = {
			isa = PBXGroup;
			children = (
				5652D5392B68DCAF0071AE08 /* CloudKitService.swift */,
				566F14792B6993E70069F06D /* ProfileService.swift */,
				566F147C2B6A063A0069F06D /* ProfileRecord.swift */,
			);
			path = Profile;
			sourceTree = "<group>";
		};
		566F148D2B6A212E0069F06D /* Audio */ = {
			isa = PBXGroup;
			children = (
				566F148E2B6A21360069F06D /* AudioLoaderService.swift */,
				566F14942B6A21370069F06D /* AudioPlayable.swift */,
				566F14992B6A21370069F06D /* AudioService.swift */,
				566F14902B6A21360069F06D /* AudioSessionService.swift */,
				566F14912B6A21360069F06D /* MusicLibrary.swift */,
				566F148F2B6A21360069F06D /* MusicManager.swift */,
				566F14932B6A21370069F06D /* MusicPlayer.swift */,
				566F14972B6A21370069F06D /* Playlist.swift */,
				566F14922B6A21370069F06D /* Song.swift */,
				566F14952B6A21370069F06D /* SoundEffect.swift */,
				566F14962B6A21370069F06D /* SoundEffectManageable.swift */,
				566F14982B6A21370069F06D /* SoundEffectsManager.swift */,
			);
			path = Audio;
			sourceTree = "<group>";
		};
		566F14B22B6A292C0069F06D /* App */ = {
			isa = PBXGroup;
			children = (
				5652D5092B6814EA0071AE08 /* Word_RivalryApp.swift */,
				5652D50B2B6814EA0071AE08 /* ContentView.swift */,
				566F14852B6A1F590069F06D /* IntroView.swift */,
				566F14872B6A207F0069F06D /* AppService.swift */,
				566F14892B6A20C00069F06D /* ServiceLocator.swift */,
			);
			path = App;
			sourceTree = "<group>";
		};
		566F14BE2B6C4ABC0069F06D /* Navigation */ = {
			isa = PBXGroup;
			children = (
				566F14BF2B6C4AEA0069F06D /* AppScreen.swift */,
				566F14C82B6C50890069F06D /* AppTabView.swift */,
			);
			path = Navigation;
			sourceTree = "<group>";
		};
		566F14C12B6C4C0C0069F06D /* Home */ = {
			isa = PBXGroup;
			children = (
				566F14B62B6C00160069F06D /* ProfileView.swift */,
				566F14C42B6C4C610069F06D /* HomeNavigationStack.swift */,
				566F14CA2B6CD6570069F06D /* LeaderboardView.swift */,
				566F14CE2B6CD7B70069F06D /* StatisticsView.swift */,
				566F14D02B6CD97B0069F06D /* FriendsListView.swift */,
			);
			path = Home;
			sourceTree = "<group>";
		};
		566F14C22B6C4C190069F06D /* Play */ = {
			isa = PBXGroup;
			children = (
				567172F72B6EB63F0009607D /* rankedMatchmaking */,
				567300D02B6D7765005D79F2 /* baseGame */,
				566F14C62B6C4C720069F06D /* PlayNavigationStack.swift */,
				567300BA2B6D006A005D79F2 /* PlayVsFriendMatchmakingView.swift */,
			);
			path = Play;
			sourceTree = "<group>";
		};
		566F14D62B6CE7360069F06D /* extension */ = {
			isa = PBXGroup;
			children = (
				566F14D72B6CE7460069F06D /* GlassModifier.swift */,
			);
			path = extension;
			sourceTree = "<group>";
		};
		567172F72B6EB63F0009607D /* rankedMatchmaking */ = {
			isa = PBXGroup;
			children = (
				567172FE2B6F569F0009607D /* Fs */,
				567300B82B6D0047005D79F2 /* RankedMatchmakingView.swift */,
				567172F82B6EB66F0009607D /* RankedMarchmakingModel.swift */,
				567172FA2B6EC6F60009607D /* RankedMatchmakingStatsService.swift */,
			);
			path = rankedMatchmaking;
			sourceTree = "<group>";
		};
		567172FE2B6F569F0009607D /* Fs */ = {
			isa = PBXGroup;
			children = (
				567172FC2B6F54320009607D /* FullScreenCoverView.swift */,
				567172FF2B6F56E90009607D /* SearchModel.swift */,
				567173012B6F61A10009607D /* MatchmakingAPIService.swift */,
			);
			path = Fs;
			sourceTree = "<group>";
		};
		567173032B70CB9F0009607D /* match */ = {
			isa = PBXGroup;
			children = (
				567173042B70CBAE0009607D /* BattleServerService.swift */,
				56C1D0C62B84172E005D223F /* MatchmakingService.swift */,
			);
			path = match;
			sourceTree = "<group>";
		};
		567300B72B6CFF57005D79F2 /* component */ = {
			isa = PBXGroup;
			children = (
				567300BC2B6D01F3005D79F2 /* Board */,
				566F14CC2B6CD7560069F06D /* BasicButton.swift */,
			);
			path = component;
			sourceTree = "<group>";
		};
		567300BC2B6D01F3005D79F2 /* Board */ = {
			isa = PBXGroup;
			children = (
				567300BD2B6D01F3005D79F2 /* Board.swift */,
				567300BE2B6D01F3005D79F2 /* BoardView.swift */,
				567300BF2B6D01F3005D79F2 /* BoardViewModel.swift */,
			);
			path = Board;
			sourceTree = "<group>";
		};
		567300C92B6D72CE005D79F2 /* wordChecker */ = {
			isa = PBXGroup;
			children = (
				567300CA2B6D72F5005D79F2 /* TrieNode.swift */,
				567300CC2B6D730E005D79F2 /* WordChecker.swift */,
			);
			path = wordChecker;
			sourceTree = "<group>";
		};
		567300D02B6D7765005D79F2 /* baseGame */ = {
			isa = PBXGroup;
			children = (
				567300C52B6D0452005D79F2 /* LetterCellView.swift */,
				567300C32B6D03A6005D79F2 /* LetterBoardView.swift */,
				567300C72B6D05A8005D79F2 /* GameModel.swift */,
				567300D32B6DE07A005D79F2 /* GameView.swift */,
			);
			path = baseGame;
			sourceTree = "<group>";
		};
/* End PBXGroup section */

/* Begin PBXNativeTarget section */
		5652D5052B6814EA0071AE08 /* Word Rivalry */ = {
			isa = PBXNativeTarget;
			buildConfigurationList = 5652D52E2B6814EC0071AE08 /* Build configuration list for PBXNativeTarget "Word Rivalry" */;
			buildPhases = (
				5652D5022B6814EA0071AE08 /* Sources */,
				5652D5032B6814EA0071AE08 /* Frameworks */,
				5652D5042B6814EA0071AE08 /* Resources */,
			);
			buildRules = (
			);
			dependencies = (
			);
			name = "Word Rivalry";
			productName = "Word Rivalry";
			productReference = 5652D5062B6814EA0071AE08 /* Word Rivalry.app */;
			productType = "com.apple.product-type.application";
		};
		5652D5192B6814EC0071AE08 /* Word RivalryTests */ = {
			isa = PBXNativeTarget;
			buildConfigurationList = 5652D5312B6814EC0071AE08 /* Build configuration list for PBXNativeTarget "Word RivalryTests" */;
			buildPhases = (
				5652D5162B6814EC0071AE08 /* Sources */,
				5652D5172B6814EC0071AE08 /* Frameworks */,
				5652D5182B6814EC0071AE08 /* Resources */,
			);
			buildRules = (
			);
			dependencies = (
				5652D51C2B6814EC0071AE08 /* PBXTargetDependency */,
			);
			name = "Word RivalryTests";
			productName = "Word RivalryTests";
			productReference = 5652D51A2B6814EC0071AE08 /* Word RivalryTests.xctest */;
			productType = "com.apple.product-type.bundle.unit-test";
		};
		5652D5232B6814EC0071AE08 /* Word RivalryUITests */ = {
			isa = PBXNativeTarget;
			buildConfigurationList = 5652D5342B6814EC0071AE08 /* Build configuration list for PBXNativeTarget "Word RivalryUITests" */;
			buildPhases = (
				5652D5202B6814EC0071AE08 /* Sources */,
				5652D5212B6814EC0071AE08 /* Frameworks */,
				5652D5222B6814EC0071AE08 /* Resources */,
			);
			buildRules = (
			);
			dependencies = (
				5652D5262B6814EC0071AE08 /* PBXTargetDependency */,
			);
			name = "Word RivalryUITests";
			productName = "Word RivalryUITests";
			productReference = 5652D5242B6814EC0071AE08 /* Word RivalryUITests.xctest */;
			productType = "com.apple.product-type.bundle.ui-testing";
		};
/* End PBXNativeTarget section */

/* Begin PBXProject section */
		5652D4FE2B6814EA0071AE08 /* Project object */ = {
			isa = PBXProject;
			attributes = {
				BuildIndependentTargetsInParallel = 1;
				LastSwiftUpdateCheck = 1520;
				LastUpgradeCheck = 1520;
				TargetAttributes = {
					5652D5052B6814EA0071AE08 = {
						CreatedOnToolsVersion = 15.2;
					};
					5652D5192B6814EC0071AE08 = {
						CreatedOnToolsVersion = 15.2;
						TestTargetID = 5652D5052B6814EA0071AE08;
					};
					5652D5232B6814EC0071AE08 = {
						CreatedOnToolsVersion = 15.2;
						TestTargetID = 5652D5052B6814EA0071AE08;
					};
				};
			};
			buildConfigurationList = 5652D5012B6814EA0071AE08 /* Build configuration list for PBXProject "Word Rivalry" */;
			compatibilityVersion = "Xcode 14.0";
			developmentRegion = en;
			hasScannedForEncodings = 0;
			knownRegions = (
				en,
				Base,
			);
			mainGroup = 5652D4FD2B6814EA0071AE08;
			productRefGroup = 5652D5072B6814EA0071AE08 /* Products */;
			projectDirPath = "";
			projectRoot = "";
			targets = (
				5652D5052B6814EA0071AE08 /* Word Rivalry */,
				5652D5192B6814EC0071AE08 /* Word RivalryTests */,
				5652D5232B6814EC0071AE08 /* Word RivalryUITests */,
			);
		};
/* End PBXProject section */

/* Begin PBXResourcesBuildPhase section */
		5652D5042B6814EA0071AE08 /* Resources */ = {
			isa = PBXResourcesBuildPhase;
			buildActionMask = 2147483647;
			files = (
				566F14B12B6A26340069F06D /* Music in Resources */,
				5652D5142B6814EC0071AE08 /* Preview Assets.xcassets in Resources */,
				5652D5102B6814EC0071AE08 /* Assets.xcassets in Resources */,
				567300CF2B6D7382005D79F2 /* french_trie_serialized.json in Resources */,
			);
			runOnlyForDeploymentPostprocessing = 0;
		};
		5652D5182B6814EC0071AE08 /* Resources */ = {
			isa = PBXResourcesBuildPhase;
			buildActionMask = 2147483647;
			files = (
			);
			runOnlyForDeploymentPostprocessing = 0;
		};
		5652D5222B6814EC0071AE08 /* Resources */ = {
			isa = PBXResourcesBuildPhase;
			buildActionMask = 2147483647;
			files = (
			);
			runOnlyForDeploymentPostprocessing = 0;
		};
/* End PBXResourcesBuildPhase section */

/* Begin PBXSourcesBuildPhase section */
		5652D5022B6814EA0071AE08 /* Sources */ = {
			isa = PBXSourcesBuildPhase;
			buildActionMask = 2147483647;
			files = (
				566F14CB2B6CD6570069F06D /* LeaderboardView.swift in Sources */,
				5652D53A2B68DCAF0071AE08 /* CloudKitService.swift in Sources */,
				567173052B70CBAE0009607D /* BattleServerService.swift in Sources */,
				566F14A22B6A21370069F06D /* SoundEffectManageable.swift in Sources */,
				56C1D0C72B84172E005D223F /* MatchmakingService.swift in Sources */,
				5652D5412B68E7800071AE08 /* NetworkUtility.swift in Sources */,
				566F14A52B6A21370069F06D /* AudioService.swift in Sources */,
				566F14842B6A0FAA0069F06D /* ProfileCreationView.swift in Sources */,
				566F14A42B6A21370069F06D /* SoundEffectsManager.swift in Sources */,
				567300C82B6D05A8005D79F2 /* GameModel.swift in Sources */,
				566F149D2B6A21370069F06D /* MusicLibrary.swift in Sources */,
				566F14B72B6C00160069F06D /* ProfileView.swift in Sources */,
				566F149C2B6A21370069F06D /* AudioSessionService.swift in Sources */,
				566F148A2B6A20C00069F06D /* ServiceLocator.swift in Sources */,
				567172FB2B6EC6F60009607D /* RankedMatchmakingStatsService.swift in Sources */,
				566F14BD2B6C495B0069F06D /* PlayView.swift in Sources */,
				566F14C72B6C4C720069F06D /* PlayNavigationStack.swift in Sources */,
				566F14CF2B6CD7B70069F06D /* StatisticsView.swift in Sources */,
				567172F92B6EB66F0009607D /* RankedMarchmakingModel.swift in Sources */,
				566F14D82B6CE7460069F06D /* GlassModifier.swift in Sources */,
				5652D50C2B6814EA0071AE08 /* ContentView.swift in Sources */,
				566F149F2B6A21370069F06D /* MusicPlayer.swift in Sources */,
				566F14BB2B6C00330069F06D /* MatchmakingView.swift in Sources */,
				566F14C02B6C4AEA0069F06D /* AppScreen.swift in Sources */,
				5652D50A2B6814EA0071AE08 /* Word_RivalryApp.swift in Sources */,
				566F149B2B6A21370069F06D /* MusicManager.swift in Sources */,
				566F14CD2B6CD7560069F06D /* BasicButton.swift in Sources */,
				567173022B6F61A10009607D /* MatchmakingAPIService.swift in Sources */,
				567300C22B6D01F3005D79F2 /* BoardViewModel.swift in Sources */,
				566F14882B6A207F0069F06D /* AppService.swift in Sources */,
				566F14862B6A1F590069F06D /* IntroView.swift in Sources */,
				566F149E2B6A21370069F06D /* Song.swift in Sources */,
				566F14D12B6CD97B0069F06D /* FriendsListView.swift in Sources */,
				566F14AE2B6A22CF0069F06D /* ThemeService.swift in Sources */,
				566F14C52B6C4C610069F06D /* HomeNavigationStack.swift in Sources */,
				567300BB2B6D006A005D79F2 /* PlayVsFriendMatchmakingView.swift in Sources */,
				566F149A2B6A21370069F06D /* AudioLoaderService.swift in Sources */,
				566F147A2B6993E70069F06D /* ProfileService.swift in Sources */,
				567173002B6F56E90009607D /* SearchModel.swift in Sources */,
				566F14A32B6A21370069F06D /* Playlist.swift in Sources */,
				567300C42B6D03A6005D79F2 /* LetterBoardView.swift in Sources */,
				567300CD2B6D730E005D79F2 /* WordChecker.swift in Sources */,
				567300C02B6D01F3005D79F2 /* Board.swift in Sources */,
				566F14A02B6A21370069F06D /* AudioPlayable.swift in Sources */,
				567300CB2B6D72F5005D79F2 /* TrieNode.swift in Sources */,
				566F147D2B6A063B0069F06D /* ProfileRecord.swift in Sources */,
				566F14A12B6A21370069F06D /* SoundEffect.swift in Sources */,
				566F14C92B6C50890069F06D /* AppTabView.swift in Sources */,
				567300C12B6D01F3005D79F2 /* BoardView.swift in Sources */,
				567300C62B6D0452005D79F2 /* LetterCellView.swift in Sources */,
				567300B92B6D0047005D79F2 /* RankedMatchmakingView.swift in Sources */,
				567300D42B6DE07A005D79F2 /* GameView.swift in Sources */,
				567172FD2B6F54320009607D /* FullScreenCoverView.swift in Sources */,
				566F14B92B6C00200069F06D /* SettingsView.swift in Sources */,
			);
			runOnlyForDeploymentPostprocessing = 0;
		};
		5652D5162B6814EC0071AE08 /* Sources */ = {
			isa = PBXSourcesBuildPhase;
			buildActionMask = 2147483647;
			files = (
				5652D51F2B6814EC0071AE08 /* Word_RivalryTests.swift in Sources */,
			);
			runOnlyForDeploymentPostprocessing = 0;
		};
		5652D5202B6814EC0071AE08 /* Sources */ = {
			isa = PBXSourcesBuildPhase;
			buildActionMask = 2147483647;
			files = (
				5652D52B2B6814EC0071AE08 /* Word_RivalryUITestsLaunchTests.swift in Sources */,
				5652D5292B6814EC0071AE08 /* Word_RivalryUITests.swift in Sources */,
			);
			runOnlyForDeploymentPostprocessing = 0;
		};
/* End PBXSourcesBuildPhase section */

/* Begin PBXTargetDependency section */
		5652D51C2B6814EC0071AE08 /* PBXTargetDependency */ = {
			isa = PBXTargetDependency;
			target = 5652D5052B6814EA0071AE08 /* Word Rivalry */;
			targetProxy = 5652D51B2B6814EC0071AE08 /* PBXContainerItemProxy */;
		};
		5652D5262B6814EC0071AE08 /* PBXTargetDependency */ = {
			isa = PBXTargetDependency;
			target = 5652D5052B6814EA0071AE08 /* Word Rivalry */;
			targetProxy = 5652D5252B6814EC0071AE08 /* PBXContainerItemProxy */;
		};
/* End PBXTargetDependency section */

/* Begin XCBuildConfiguration section */
		5652D52C2B6814EC0071AE08 /* Debug */ = {
			isa = XCBuildConfiguration;
			buildSettings = {
				ALWAYS_SEARCH_USER_PATHS = NO;
				ASSETCATALOG_COMPILER_GENERATE_SWIFT_ASSET_SYMBOL_EXTENSIONS = YES;
				CLANG_ANALYZER_NONNULL = YES;
				CLANG_ANALYZER_NUMBER_OBJECT_CONVERSION = YES_AGGRESSIVE;
				CLANG_CXX_LANGUAGE_STANDARD = "gnu++20";
				CLANG_ENABLE_MODULES = YES;
				CLANG_ENABLE_OBJC_ARC = YES;
				CLANG_ENABLE_OBJC_WEAK = YES;
				CLANG_WARN_BLOCK_CAPTURE_AUTORELEASING = YES;
				CLANG_WARN_BOOL_CONVERSION = YES;
				CLANG_WARN_COMMA = YES;
				CLANG_WARN_CONSTANT_CONVERSION = YES;
				CLANG_WARN_DEPRECATED_OBJC_IMPLEMENTATIONS = YES;
				CLANG_WARN_DIRECT_OBJC_ISA_USAGE = YES_ERROR;
				CLANG_WARN_DOCUMENTATION_COMMENTS = YES;
				CLANG_WARN_EMPTY_BODY = YES;
				CLANG_WARN_ENUM_CONVERSION = YES;
				CLANG_WARN_INFINITE_RECURSION = YES;
				CLANG_WARN_INT_CONVERSION = YES;
				CLANG_WARN_NON_LITERAL_NULL_CONVERSION = YES;
				CLANG_WARN_OBJC_IMPLICIT_RETAIN_SELF = YES;
				CLANG_WARN_OBJC_LITERAL_CONVERSION = YES;
				CLANG_WARN_OBJC_ROOT_CLASS = YES_ERROR;
				CLANG_WARN_QUOTED_INCLUDE_IN_FRAMEWORK_HEADER = YES;
				CLANG_WARN_RANGE_LOOP_ANALYSIS = YES;
				CLANG_WARN_STRICT_PROTOTYPES = YES;
				CLANG_WARN_SUSPICIOUS_MOVE = YES;
				CLANG_WARN_UNGUARDED_AVAILABILITY = YES_AGGRESSIVE;
				CLANG_WARN_UNREACHABLE_CODE = YES;
				CLANG_WARN__DUPLICATE_METHOD_MATCH = YES;
				COPY_PHASE_STRIP = NO;
				DEBUG_INFORMATION_FORMAT = dwarf;
				ENABLE_STRICT_OBJC_MSGSEND = YES;
				ENABLE_TESTABILITY = YES;
				ENABLE_USER_SCRIPT_SANDBOXING = YES;
				GCC_C_LANGUAGE_STANDARD = gnu17;
				GCC_DYNAMIC_NO_PIC = NO;
				GCC_NO_COMMON_BLOCKS = YES;
				GCC_OPTIMIZATION_LEVEL = 0;
				GCC_PREPROCESSOR_DEFINITIONS = (
					"DEBUG=1",
					"$(inherited)",
				);
				GCC_WARN_64_TO_32_BIT_CONVERSION = YES;
				GCC_WARN_ABOUT_RETURN_TYPE = YES_ERROR;
				GCC_WARN_UNDECLARED_SELECTOR = YES;
				GCC_WARN_UNINITIALIZED_AUTOS = YES_AGGRESSIVE;
				GCC_WARN_UNUSED_FUNCTION = YES;
				GCC_WARN_UNUSED_VARIABLE = YES;
				LOCALIZATION_PREFERS_STRING_CATALOGS = YES;
				MTL_ENABLE_DEBUG_INFO = INCLUDE_SOURCE;
				MTL_FAST_MATH = YES;
				ONLY_ACTIVE_ARCH = YES;
				SWIFT_ACTIVE_COMPILATION_CONDITIONS = "DEBUG $(inherited)";
				SWIFT_OPTIMIZATION_LEVEL = "-Onone";
			};
			name = Debug;
		};
		5652D52D2B6814EC0071AE08 /* Release */ = {
			isa = XCBuildConfiguration;
			buildSettings = {
				ALWAYS_SEARCH_USER_PATHS = NO;
				ASSETCATALOG_COMPILER_GENERATE_SWIFT_ASSET_SYMBOL_EXTENSIONS = YES;
				CLANG_ANALYZER_NONNULL = YES;
				CLANG_ANALYZER_NUMBER_OBJECT_CONVERSION = YES_AGGRESSIVE;
				CLANG_CXX_LANGUAGE_STANDARD = "gnu++20";
				CLANG_ENABLE_MODULES = YES;
				CLANG_ENABLE_OBJC_ARC = YES;
				CLANG_ENABLE_OBJC_WEAK = YES;
				CLANG_WARN_BLOCK_CAPTURE_AUTORELEASING = YES;
				CLANG_WARN_BOOL_CONVERSION = YES;
				CLANG_WARN_COMMA = YES;
				CLANG_WARN_CONSTANT_CONVERSION = YES;
				CLANG_WARN_DEPRECATED_OBJC_IMPLEMENTATIONS = YES;
				CLANG_WARN_DIRECT_OBJC_ISA_USAGE = YES_ERROR;
				CLANG_WARN_DOCUMENTATION_COMMENTS = YES;
				CLANG_WARN_EMPTY_BODY = YES;
				CLANG_WARN_ENUM_CONVERSION = YES;
				CLANG_WARN_INFINITE_RECURSION = YES;
				CLANG_WARN_INT_CONVERSION = YES;
				CLANG_WARN_NON_LITERAL_NULL_CONVERSION = YES;
				CLANG_WARN_OBJC_IMPLICIT_RETAIN_SELF = YES;
				CLANG_WARN_OBJC_LITERAL_CONVERSION = YES;
				CLANG_WARN_OBJC_ROOT_CLASS = YES_ERROR;
				CLANG_WARN_QUOTED_INCLUDE_IN_FRAMEWORK_HEADER = YES;
				CLANG_WARN_RANGE_LOOP_ANALYSIS = YES;
				CLANG_WARN_STRICT_PROTOTYPES = YES;
				CLANG_WARN_SUSPICIOUS_MOVE = YES;
				CLANG_WARN_UNGUARDED_AVAILABILITY = YES_AGGRESSIVE;
				CLANG_WARN_UNREACHABLE_CODE = YES;
				CLANG_WARN__DUPLICATE_METHOD_MATCH = YES;
				COPY_PHASE_STRIP = NO;
				DEBUG_INFORMATION_FORMAT = "dwarf-with-dsym";
				ENABLE_NS_ASSERTIONS = NO;
				ENABLE_STRICT_OBJC_MSGSEND = YES;
				ENABLE_USER_SCRIPT_SANDBOXING = YES;
				GCC_C_LANGUAGE_STANDARD = gnu17;
				GCC_NO_COMMON_BLOCKS = YES;
				GCC_WARN_64_TO_32_BIT_CONVERSION = YES;
				GCC_WARN_ABOUT_RETURN_TYPE = YES_ERROR;
				GCC_WARN_UNDECLARED_SELECTOR = YES;
				GCC_WARN_UNINITIALIZED_AUTOS = YES_AGGRESSIVE;
				GCC_WARN_UNUSED_FUNCTION = YES;
				GCC_WARN_UNUSED_VARIABLE = YES;
				LOCALIZATION_PREFERS_STRING_CATALOGS = YES;
				MTL_ENABLE_DEBUG_INFO = NO;
				MTL_FAST_MATH = YES;
				SWIFT_COMPILATION_MODE = wholemodule;
			};
			name = Release;
		};
		5652D52F2B6814EC0071AE08 /* Debug */ = {
			isa = XCBuildConfiguration;
			buildSettings = {
				ASSETCATALOG_COMPILER_APPICON_NAME = AppIcon;
				ASSETCATALOG_COMPILER_GLOBAL_ACCENT_COLOR_NAME = AccentColor;
				CODE_SIGN_ENTITLEMENTS = "Word Rivalry/Word_Rivalry.entitlements";
				CODE_SIGN_STYLE = Automatic;
				CURRENT_PROJECT_VERSION = 1;
				DEVELOPMENT_ASSET_PATHS = "\"Word Rivalry/Preview Content\"";
				DEVELOPMENT_TEAM = 68AL2L75GU;
				ENABLE_HARDENED_RUNTIME = YES;
				ENABLE_PREVIEWS = YES;
				GENERATE_INFOPLIST_FILE = YES;
				INFOPLIST_FILE = "Word Rivalry/Info.plist";
				"INFOPLIST_KEY_UIApplicationSceneManifest_Generation[sdk=iphoneos*]" = YES;
				"INFOPLIST_KEY_UIApplicationSceneManifest_Generation[sdk=iphonesimulator*]" = YES;
				"INFOPLIST_KEY_UIApplicationSupportsIndirectInputEvents[sdk=iphoneos*]" = YES;
				"INFOPLIST_KEY_UIApplicationSupportsIndirectInputEvents[sdk=iphonesimulator*]" = YES;
				"INFOPLIST_KEY_UILaunchScreen_Generation[sdk=iphoneos*]" = YES;
				"INFOPLIST_KEY_UILaunchScreen_Generation[sdk=iphonesimulator*]" = YES;
				"INFOPLIST_KEY_UIStatusBarStyle[sdk=iphoneos*]" = UIStatusBarStyleDefault;
				"INFOPLIST_KEY_UIStatusBarStyle[sdk=iphonesimulator*]" = UIStatusBarStyleDefault;
				INFOPLIST_KEY_UISupportedInterfaceOrientations_iPad = "UIInterfaceOrientationPortrait UIInterfaceOrientationPortraitUpsideDown UIInterfaceOrientationLandscapeLeft UIInterfaceOrientationLandscapeRight";
				INFOPLIST_KEY_UISupportedInterfaceOrientations_iPhone = "UIInterfaceOrientationPortrait UIInterfaceOrientationLandscapeLeft UIInterfaceOrientationLandscapeRight";
				IPHONEOS_DEPLOYMENT_TARGET = 17.0;
				LD_RUNPATH_SEARCH_PATHS = "@executable_path/Frameworks";
				"LD_RUNPATH_SEARCH_PATHS[sdk=macosx*]" = "@executable_path/../Frameworks";
				MACOSX_DEPLOYMENT_TARGET = 14.0;
				MARKETING_VERSION = 1.0;
				PRODUCT_BUNDLE_IDENTIFIER = "com.benoit-barbier.Word-Rivalry";
				PRODUCT_NAME = "$(TARGET_NAME)";
				SDKROOT = auto;
				SUPPORTED_PLATFORMS = "iphoneos iphonesimulator macosx";
				SWIFT_EMIT_LOC_STRINGS = YES;
				SWIFT_VERSION = 5.0;
				TARGETED_DEVICE_FAMILY = "1,2";
			};
			name = Debug;
		};
		5652D5302B6814EC0071AE08 /* Release */ = {
			isa = XCBuildConfiguration;
			buildSettings = {
				ASSETCATALOG_COMPILER_APPICON_NAME = AppIcon;
				ASSETCATALOG_COMPILER_GLOBAL_ACCENT_COLOR_NAME = AccentColor;
				CODE_SIGN_ENTITLEMENTS = "Word Rivalry/Word_Rivalry.entitlements";
				CODE_SIGN_STYLE = Automatic;
				CURRENT_PROJECT_VERSION = 1;
				DEVELOPMENT_ASSET_PATHS = "\"Word Rivalry/Preview Content\"";
				DEVELOPMENT_TEAM = 68AL2L75GU;
				ENABLE_HARDENED_RUNTIME = YES;
				ENABLE_PREVIEWS = YES;
				GENERATE_INFOPLIST_FILE = YES;
				INFOPLIST_FILE = "Word Rivalry/Info.plist";
				"INFOPLIST_KEY_UIApplicationSceneManifest_Generation[sdk=iphoneos*]" = YES;
				"INFOPLIST_KEY_UIApplicationSceneManifest_Generation[sdk=iphonesimulator*]" = YES;
				"INFOPLIST_KEY_UIApplicationSupportsIndirectInputEvents[sdk=iphoneos*]" = YES;
				"INFOPLIST_KEY_UIApplicationSupportsIndirectInputEvents[sdk=iphonesimulator*]" = YES;
				"INFOPLIST_KEY_UILaunchScreen_Generation[sdk=iphoneos*]" = YES;
				"INFOPLIST_KEY_UILaunchScreen_Generation[sdk=iphonesimulator*]" = YES;
				"INFOPLIST_KEY_UIStatusBarStyle[sdk=iphoneos*]" = UIStatusBarStyleDefault;
				"INFOPLIST_KEY_UIStatusBarStyle[sdk=iphonesimulator*]" = UIStatusBarStyleDefault;
				INFOPLIST_KEY_UISupportedInterfaceOrientations_iPad = "UIInterfaceOrientationPortrait UIInterfaceOrientationPortraitUpsideDown UIInterfaceOrientationLandscapeLeft UIInterfaceOrientationLandscapeRight";
				INFOPLIST_KEY_UISupportedInterfaceOrientations_iPhone = "UIInterfaceOrientationPortrait UIInterfaceOrientationLandscapeLeft UIInterfaceOrientationLandscapeRight";
				IPHONEOS_DEPLOYMENT_TARGET = 17.0;
				LD_RUNPATH_SEARCH_PATHS = "@executable_path/Frameworks";
				"LD_RUNPATH_SEARCH_PATHS[sdk=macosx*]" = "@executable_path/../Frameworks";
				MACOSX_DEPLOYMENT_TARGET = 14.0;
				MARKETING_VERSION = 1.0;
				PRODUCT_BUNDLE_IDENTIFIER = "com.benoit-barbier.Word-Rivalry";
				PRODUCT_NAME = "$(TARGET_NAME)";
				SDKROOT = auto;
				SUPPORTED_PLATFORMS = "iphoneos iphonesimulator macosx";
				SWIFT_EMIT_LOC_STRINGS = YES;
				SWIFT_VERSION = 5.0;
				TARGETED_DEVICE_FAMILY = "1,2";
			};
			name = Release;
		};
		5652D5322B6814EC0071AE08 /* Debug */ = {
			isa = XCBuildConfiguration;
			buildSettings = {
				ALWAYS_EMBED_SWIFT_STANDARD_LIBRARIES = YES;
				BUNDLE_LOADER = "$(TEST_HOST)";
				CODE_SIGN_STYLE = Automatic;
				CURRENT_PROJECT_VERSION = 1;
				DEVELOPMENT_TEAM = 68AL2L75GU;
				GENERATE_INFOPLIST_FILE = YES;
				IPHONEOS_DEPLOYMENT_TARGET = 17.2;
				MACOSX_DEPLOYMENT_TARGET = 14.0;
				MARKETING_VERSION = 1.0;
				PRODUCT_BUNDLE_IDENTIFIER = "com.benoit-barbier.Word-RivalryTests";
				PRODUCT_NAME = "$(TARGET_NAME)";
				SDKROOT = auto;
				SUPPORTED_PLATFORMS = "iphoneos iphonesimulator macosx";
				SWIFT_EMIT_LOC_STRINGS = NO;
				SWIFT_VERSION = 5.0;
				TARGETED_DEVICE_FAMILY = "1,2";
				TEST_HOST = "$(BUILT_PRODUCTS_DIR)/Word Rivalry.app/$(BUNDLE_EXECUTABLE_FOLDER_PATH)/Word Rivalry";
			};
			name = Debug;
		};
		5652D5332B6814EC0071AE08 /* Release */ = {
			isa = XCBuildConfiguration;
			buildSettings = {
				ALWAYS_EMBED_SWIFT_STANDARD_LIBRARIES = YES;
				BUNDLE_LOADER = "$(TEST_HOST)";
				CODE_SIGN_STYLE = Automatic;
				CURRENT_PROJECT_VERSION = 1;
				DEVELOPMENT_TEAM = 68AL2L75GU;
				GENERATE_INFOPLIST_FILE = YES;
				IPHONEOS_DEPLOYMENT_TARGET = 17.2;
				MACOSX_DEPLOYMENT_TARGET = 14.0;
				MARKETING_VERSION = 1.0;
				PRODUCT_BUNDLE_IDENTIFIER = "com.benoit-barbier.Word-RivalryTests";
				PRODUCT_NAME = "$(TARGET_NAME)";
				SDKROOT = auto;
				SUPPORTED_PLATFORMS = "iphoneos iphonesimulator macosx";
				SWIFT_EMIT_LOC_STRINGS = NO;
				SWIFT_VERSION = 5.0;
				TARGETED_DEVICE_FAMILY = "1,2";
				TEST_HOST = "$(BUILT_PRODUCTS_DIR)/Word Rivalry.app/$(BUNDLE_EXECUTABLE_FOLDER_PATH)/Word Rivalry";
			};
			name = Release;
		};
		5652D5352B6814EC0071AE08 /* Debug */ = {
			isa = XCBuildConfiguration;
			buildSettings = {
				ALWAYS_EMBED_SWIFT_STANDARD_LIBRARIES = YES;
				CODE_SIGN_STYLE = Automatic;
				CURRENT_PROJECT_VERSION = 1;
				DEVELOPMENT_TEAM = 68AL2L75GU;
				GENERATE_INFOPLIST_FILE = YES;
				IPHONEOS_DEPLOYMENT_TARGET = 17.2;
				MACOSX_DEPLOYMENT_TARGET = 14.0;
				MARKETING_VERSION = 1.0;
				PRODUCT_BUNDLE_IDENTIFIER = "com.benoit-barbier.Word-RivalryUITests";
				PRODUCT_NAME = "$(TARGET_NAME)";
				SDKROOT = auto;
				SUPPORTED_PLATFORMS = "iphoneos iphonesimulator macosx";
				SWIFT_EMIT_LOC_STRINGS = NO;
				SWIFT_VERSION = 5.0;
				TARGETED_DEVICE_FAMILY = "1,2";
				TEST_TARGET_NAME = "Word Rivalry";
			};
			name = Debug;
		};
		5652D5362B6814EC0071AE08 /* Release */ = {
			isa = XCBuildConfiguration;
			buildSettings = {
				ALWAYS_EMBED_SWIFT_STANDARD_LIBRARIES = YES;
				CODE_SIGN_STYLE = Automatic;
				CURRENT_PROJECT_VERSION = 1;
				DEVELOPMENT_TEAM = 68AL2L75GU;
				GENERATE_INFOPLIST_FILE = YES;
				IPHONEOS_DEPLOYMENT_TARGET = 17.2;
				MACOSX_DEPLOYMENT_TARGET = 14.0;
				MARKETING_VERSION = 1.0;
				PRODUCT_BUNDLE_IDENTIFIER = "com.benoit-barbier.Word-RivalryUITests";
				PRODUCT_NAME = "$(TARGET_NAME)";
				SDKROOT = auto;
				SUPPORTED_PLATFORMS = "iphoneos iphonesimulator macosx";
				SWIFT_EMIT_LOC_STRINGS = NO;
				SWIFT_VERSION = 5.0;
				TARGETED_DEVICE_FAMILY = "1,2";
				TEST_TARGET_NAME = "Word Rivalry";
			};
			name = Release;
		};
/* End XCBuildConfiguration section */

/* Begin XCConfigurationList section */
		5652D5012B6814EA0071AE08 /* Build configuration list for PBXProject "Word Rivalry" */ = {
			isa = XCConfigurationList;
			buildConfigurations = (
				5652D52C2B6814EC0071AE08 /* Debug */,
				5652D52D2B6814EC0071AE08 /* Release */,
			);
			defaultConfigurationIsVisible = 0;
			defaultConfigurationName = Release;
		};
		5652D52E2B6814EC0071AE08 /* Build configuration list for PBXNativeTarget "Word Rivalry" */ = {
			isa = XCConfigurationList;
			buildConfigurations = (
				5652D52F2B6814EC0071AE08 /* Debug */,
				5652D5302B6814EC0071AE08 /* Release */,
			);
			defaultConfigurationIsVisible = 0;
			defaultConfigurationName = Release;
		};
		5652D5312B6814EC0071AE08 /* Build configuration list for PBXNativeTarget "Word RivalryTests" */ = {
			isa = XCConfigurationList;
			buildConfigurations = (
				5652D5322B6814EC0071AE08 /* Debug */,
				5652D5332B6814EC0071AE08 /* Release */,
			);
			defaultConfigurationIsVisible = 0;
			defaultConfigurationName = Release;
		};
		5652D5342B6814EC0071AE08 /* Build configuration list for PBXNativeTarget "Word RivalryUITests" */ = {
			isa = XCConfigurationList;
			buildConfigurations = (
				5652D5352B6814EC0071AE08 /* Debug */,
				5652D5362B6814EC0071AE08 /* Release */,
			);
			defaultConfigurationIsVisible = 0;
			defaultConfigurationName = Release;
		};
/* End XCConfigurationList section */
	};
	rootObject = 5652D4FE2B6814EA0071AE08 /* Project object */;
}
